// !$*UTF8*$!
{
	archiveVersion = 1;
	classes = {
	};
	objectVersion = 50;
	objects = {

/* Begin PBXBuildFile section */
		6A1D7ED421391BC000C76FDD /* Cartfile in Resources */ = {isa = PBXBuildFile; fileRef = 6A1D7ED221391BC000C76FDD /* Cartfile */; };
		6A1D7ED521391BC000C76FDD /* Cartfile.resolved in Resources */ = {isa = PBXBuildFile; fileRef = 6A1D7ED321391BC000C76FDD /* Cartfile.resolved */; };
		6A1D7EDB21391DB200C76FDD /* SunflowerSDK.framework in Frameworks */ = {isa = PBXBuildFile; fileRef = 6A1D7EDA21391DB200C76FDD /* SunflowerSDK.framework */; };
		6A462579213D81D000A3CFAF /* SearchBarTitleView.swift in Sources */ = {isa = PBXBuildFile; fileRef = 6A462578213D81CF00A3CFAF /* SearchBarTitleView.swift */; };
		6A8EC10B21398E0100C08E23 /* Localizable.strings in Resources */ = {isa = PBXBuildFile; fileRef = 6A8EC0F821398E0100C08E23 /* Localizable.strings */; };
		6A8EC10C21398E0100C08E23 /* SHSearchBar.swift in Sources */ = {isa = PBXBuildFile; fileRef = 6A8EC10221398E0100C08E23 /* SHSearchBar.swift */; };
		6A8EC10D21398E0100C08E23 /* SHSearchBarConfig.swift in Sources */ = {isa = PBXBuildFile; fileRef = 6A8EC10321398E0100C08E23 /* SHSearchBarConfig.swift */; };
		6A8EC10E21398E0100C08E23 /* SHSearchBarTextField.swift in Sources */ = {isa = PBXBuildFile; fileRef = 6A8EC10421398E0100C08E23 /* SHSearchBarTextField.swift */; };
		6A8EC11021398E0100C08E23 /* SHSearchBarDelegate.swift in Sources */ = {isa = PBXBuildFile; fileRef = 6A8EC10621398E0100C08E23 /* SHSearchBarDelegate.swift */; };
		6A8EC11121398E0100C08E23 /* UIImage+Style.swift in Sources */ = {isa = PBXBuildFile; fileRef = 6A8EC10721398E0100C08E23 /* UIImage+Style.swift */; };
		6A8EC11221398E0100C08E23 /* Foundation + Extensions.swift in Sources */ = {isa = PBXBuildFile; fileRef = 6A8EC10821398E0100C08E23 /* Foundation + Extensions.swift */; };
		6A8EC11921398FF000C08E23 /* ContactEntry.swift in Sources */ = {isa = PBXBuildFile; fileRef = 6A8EC11821398FF000C08E23 /* ContactEntry.swift */; };
		A53B51702137ECF100DE670E /* AppDelegate.swift in Sources */ = {isa = PBXBuildFile; fileRef = A53B516F2137ECF100DE670E /* AppDelegate.swift */; };
		A53B51742137ECF100DE670E /* SecondViewController.swift in Sources */ = {isa = PBXBuildFile; fileRef = A53B51732137ECF100DE670E /* SecondViewController.swift */; };
		A53B51772137ECF100DE670E /* Main.storyboard in Resources */ = {isa = PBXBuildFile; fileRef = A53B51752137ECF100DE670E /* Main.storyboard */; };
		A53B51792137ECF500DE670E /* Assets.xcassets in Resources */ = {isa = PBXBuildFile; fileRef = A53B51782137ECF500DE670E /* Assets.xcassets */; };
		A53B517C2137ECF500DE670E /* LaunchScreen.storyboard in Resources */ = {isa = PBXBuildFile; fileRef = A53B517A2137ECF500DE670E /* LaunchScreen.storyboard */; };
		A53B51872137ECF500DE670E /* SmartContactUITests.swift in Sources */ = {isa = PBXBuildFile; fileRef = A53B51862137ECF500DE670E /* SmartContactUITests.swift */; };
		A53B51932137F39200DE670E /* DetailContactVC.swift in Sources */ = {isa = PBXBuildFile; fileRef = A53B51922137F39200DE670E /* DetailContactVC.swift */; };
		A53B51972137F3EE00DE670E /* StretchHeader.swift in Sources */ = {isa = PBXBuildFile; fileRef = A53B51952137F3EE00DE670E /* StretchHeader.swift */; };
		A53B51982137F3EE00DE670E /* StretchHeaderOptions.swift in Sources */ = {isa = PBXBuildFile; fileRef = A53B51962137F3EE00DE670E /* StretchHeaderOptions.swift */; };
		A5F45E23213E3EF9000FEDC0 /* SearchBarHelper.swift in Sources */ = {isa = PBXBuildFile; fileRef = A5F45E22213E3EF9000FEDC0 /* SearchBarHelper.swift */; };
		A5F45E2B213E5A3E000FEDC0 /* MainContact.swift in Sources */ = {isa = PBXBuildFile; fileRef = A5F45E26213E5A3D000FEDC0 /* MainContact.swift */; };
		A5F45E2C213E5A3E000FEDC0 /* ContactCell.swift in Sources */ = {isa = PBXBuildFile; fileRef = A5F45E27213E5A3E000FEDC0 /* ContactCell.swift */; };
		A5F45E2D213E5A3E000FEDC0 /* Constants.swift in Sources */ = {isa = PBXBuildFile; fileRef = A5F45E28213E5A3E000FEDC0 /* Constants.swift */; };
		A5F45E2E213E5A3E000FEDC0 /* Contact.swift in Sources */ = {isa = PBXBuildFile; fileRef = A5F45E29213E5A3E000FEDC0 /* Contact.swift */; };
		A5F45E2F213E5A3E000FEDC0 /* Extensions.swift in Sources */ = {isa = PBXBuildFile; fileRef = A5F45E2A213E5A3E000FEDC0 /* Extensions.swift */; };
		A5F45E31213E5A5F000FEDC0 /* JFContactCell.xib in Resources */ = {isa = PBXBuildFile; fileRef = A5F45E30213E5A5F000FEDC0 /* JFContactCell.xib */; };
		A5F45E34213E8332000FEDC0 /* SwipeCellKit.framework in Frameworks */ = {isa = PBXBuildFile; fileRef = A5F45E33213E8332000FEDC0 /* SwipeCellKit.framework */; };
		A5F45E36213E8E46000FEDC0 /* SwipeHelper.swift in Sources */ = {isa = PBXBuildFile; fileRef = A5F45E35213E8E46000FEDC0 /* SwipeHelper.swift */; };
/* End PBXBuildFile section */

/* Begin PBXContainerItemProxy section */
		A53B51832137ECF500DE670E /* PBXContainerItemProxy */ = {
			isa = PBXContainerItemProxy;
			containerPortal = A53B51642137ECF100DE670E /* Project object */;
			proxyType = 1;
			remoteGlobalIDString = A53B516B2137ECF100DE670E;
			remoteInfo = SmartContact;
		};
/* End PBXContainerItemProxy section */

/* Begin PBXCopyFilesBuildPhase section */
		6A8EC0EF213942B200C08E23 /* Embed Frameworks */ = {
			isa = PBXCopyFilesBuildPhase;
			buildActionMask = 2147483647;
			dstPath = "";
			dstSubfolderSpec = 10;
			files = (
			);
			name = "Embed Frameworks";
			runOnlyForDeploymentPostprocessing = 0;
		};
/* End PBXCopyFilesBuildPhase section */

/* Begin PBXFileReference section */
		6A1D7EBF2139171300C76FDD /* SmartContact-Bridging-Header.h */ = {isa = PBXFileReference; lastKnownFileType = sourcecode.c.h; path = "SmartContact-Bridging-Header.h"; sourceTree = "<group>"; };
		6A1D7ED221391BC000C76FDD /* Cartfile */ = {isa = PBXFileReference; fileEncoding = 4; lastKnownFileType = text; path = Cartfile; sourceTree = "<group>"; };
		6A1D7ED321391BC000C76FDD /* Cartfile.resolved */ = {isa = PBXFileReference; fileEncoding = 4; lastKnownFileType = text; path = Cartfile.resolved; sourceTree = "<group>"; };
		6A1D7EDA21391DB200C76FDD /* SunflowerSDK.framework */ = {isa = PBXFileReference; lastKnownFileType = wrapper.framework; name = SunflowerSDK.framework; path = Carthage/Build/iOS/SunflowerSDK.framework; sourceTree = "<group>"; };
		6A462578213D81CF00A3CFAF /* SearchBarTitleView.swift */ = {isa = PBXFileReference; fileEncoding = 4; lastKnownFileType = sourcecode.swift; path = SearchBarTitleView.swift; sourceTree = "<group>"; };
		6A8EC0F921398E0100C08E23 /* de */ = {isa = PBXFileReference; lastKnownFileType = text.plist.strings; name = de; path = de.lproj/Localizable.strings; sourceTree = "<group>"; };
		6A8EC0FA21398E0100C08E23 /* zh-Hans */ = {isa = PBXFileReference; lastKnownFileType = text.plist.strings; name = "zh-Hans"; path = "zh-Hans.lproj/Localizable.strings"; sourceTree = "<group>"; };
		6A8EC0FB21398E0100C08E23 /* ja */ = {isa = PBXFileReference; lastKnownFileType = text.plist.strings; name = ja; path = ja.lproj/Localizable.strings; sourceTree = "<group>"; };
		6A8EC0FC21398E0100C08E23 /* en */ = {isa = PBXFileReference; lastKnownFileType = text.plist.strings; name = en; path = en.lproj/Localizable.strings; sourceTree = "<group>"; };
		6A8EC0FD21398E0100C08E23 /* es */ = {isa = PBXFileReference; lastKnownFileType = text.plist.strings; name = es; path = es.lproj/Localizable.strings; sourceTree = "<group>"; };
		6A8EC0FE21398E0100C08E23 /* it */ = {isa = PBXFileReference; lastKnownFileType = text.plist.strings; name = it; path = it.lproj/Localizable.strings; sourceTree = "<group>"; };
		6A8EC0FF21398E0100C08E23 /* ru */ = {isa = PBXFileReference; lastKnownFileType = text.plist.strings; name = ru; path = ru.lproj/Localizable.strings; sourceTree = "<group>"; };
		6A8EC10021398E0100C08E23 /* fr */ = {isa = PBXFileReference; lastKnownFileType = text.plist.strings; name = fr; path = fr.lproj/Localizable.strings; sourceTree = "<group>"; };
		6A8EC10221398E0100C08E23 /* SHSearchBar.swift */ = {isa = PBXFileReference; fileEncoding = 4; lastKnownFileType = sourcecode.swift; path = SHSearchBar.swift; sourceTree = "<group>"; };
		6A8EC10321398E0100C08E23 /* SHSearchBarConfig.swift */ = {isa = PBXFileReference; fileEncoding = 4; lastKnownFileType = sourcecode.swift; path = SHSearchBarConfig.swift; sourceTree = "<group>"; };
		6A8EC10421398E0100C08E23 /* SHSearchBarTextField.swift */ = {isa = PBXFileReference; fileEncoding = 4; lastKnownFileType = sourcecode.swift; path = SHSearchBarTextField.swift; sourceTree = "<group>"; };
		6A8EC10621398E0100C08E23 /* SHSearchBarDelegate.swift */ = {isa = PBXFileReference; fileEncoding = 4; lastKnownFileType = sourcecode.swift; path = SHSearchBarDelegate.swift; sourceTree = "<group>"; };
		6A8EC10721398E0100C08E23 /* UIImage+Style.swift */ = {isa = PBXFileReference; fileEncoding = 4; lastKnownFileType = sourcecode.swift; path = "UIImage+Style.swift"; sourceTree = "<group>"; };
		6A8EC10821398E0100C08E23 /* Foundation + Extensions.swift */ = {isa = PBXFileReference; fileEncoding = 4; lastKnownFileType = sourcecode.swift; path = "Foundation + Extensions.swift"; sourceTree = "<group>"; };
		6A8EC11821398FF000C08E23 /* ContactEntry.swift */ = {isa = PBXFileReference; lastKnownFileType = sourcecode.swift; path = ContactEntry.swift; sourceTree = "<group>"; };
		A53B516C2137ECF100DE670E /* SmartContact.app */ = {isa = PBXFileReference; explicitFileType = wrapper.application; includeInIndex = 0; path = SmartContact.app; sourceTree = BUILT_PRODUCTS_DIR; };
		A53B516F2137ECF100DE670E /* AppDelegate.swift */ = {isa = PBXFileReference; lastKnownFileType = sourcecode.swift; path = AppDelegate.swift; sourceTree = "<group>"; };
		A53B51732137ECF100DE670E /* SecondViewController.swift */ = {isa = PBXFileReference; lastKnownFileType = sourcecode.swift; path = SecondViewController.swift; sourceTree = "<group>"; };
		A53B51762137ECF100DE670E /* Base */ = {isa = PBXFileReference; lastKnownFileType = file.storyboard; name = Base; path = Base.lproj/Main.storyboard; sourceTree = "<group>"; };
		A53B51782137ECF500DE670E /* Assets.xcassets */ = {isa = PBXFileReference; lastKnownFileType = folder.assetcatalog; path = Assets.xcassets; sourceTree = "<group>"; };
		A53B517B2137ECF500DE670E /* Base */ = {isa = PBXFileReference; lastKnownFileType = file.storyboard; name = Base; path = Base.lproj/LaunchScreen.storyboard; sourceTree = "<group>"; };
		A53B517D2137ECF500DE670E /* Info.plist */ = {isa = PBXFileReference; lastKnownFileType = text.plist.xml; path = Info.plist; sourceTree = "<group>"; };
		A53B51822137ECF500DE670E /* SmartContactUITests.xctest */ = {isa = PBXFileReference; explicitFileType = wrapper.cfbundle; includeInIndex = 0; path = SmartContactUITests.xctest; sourceTree = BUILT_PRODUCTS_DIR; };
		A53B51862137ECF500DE670E /* SmartContactUITests.swift */ = {isa = PBXFileReference; lastKnownFileType = sourcecode.swift; path = SmartContactUITests.swift; sourceTree = "<group>"; };
		A53B51882137ECF500DE670E /* Info.plist */ = {isa = PBXFileReference; lastKnownFileType = text.plist.xml; path = Info.plist; sourceTree = "<group>"; };
		A53B51922137F39200DE670E /* DetailContactVC.swift */ = {isa = PBXFileReference; lastKnownFileType = sourcecode.swift; path = DetailContactVC.swift; sourceTree = "<group>"; };
		A53B51952137F3EE00DE670E /* StretchHeader.swift */ = {isa = PBXFileReference; fileEncoding = 4; lastKnownFileType = sourcecode.swift; path = StretchHeader.swift; sourceTree = "<group>"; };
		A53B51962137F3EE00DE670E /* StretchHeaderOptions.swift */ = {isa = PBXFileReference; fileEncoding = 4; lastKnownFileType = sourcecode.swift; path = StretchHeaderOptions.swift; sourceTree = "<group>"; };
		A5F45E22213E3EF9000FEDC0 /* SearchBarHelper.swift */ = {isa = PBXFileReference; lastKnownFileType = sourcecode.swift; path = SearchBarHelper.swift; sourceTree = "<group>"; };
		A5F45E26213E5A3D000FEDC0 /* MainContact.swift */ = {isa = PBXFileReference; fileEncoding = 4; lastKnownFileType = sourcecode.swift; path = MainContact.swift; sourceTree = "<group>"; };
		A5F45E27213E5A3E000FEDC0 /* ContactCell.swift */ = {isa = PBXFileReference; fileEncoding = 4; lastKnownFileType = sourcecode.swift; path = ContactCell.swift; sourceTree = "<group>"; };
		A5F45E28213E5A3E000FEDC0 /* Constants.swift */ = {isa = PBXFileReference; fileEncoding = 4; lastKnownFileType = sourcecode.swift; path = Constants.swift; sourceTree = "<group>"; };
		A5F45E29213E5A3E000FEDC0 /* Contact.swift */ = {isa = PBXFileReference; fileEncoding = 4; lastKnownFileType = sourcecode.swift; path = Contact.swift; sourceTree = "<group>"; };
		A5F45E2A213E5A3E000FEDC0 /* Extensions.swift */ = {isa = PBXFileReference; fileEncoding = 4; lastKnownFileType = sourcecode.swift; path = Extensions.swift; sourceTree = "<group>"; };
		A5F45E30213E5A5F000FEDC0 /* JFContactCell.xib */ = {isa = PBXFileReference; fileEncoding = 4; lastKnownFileType = file.xib; path = JFContactCell.xib; sourceTree = "<group>"; };
		A5F45E33213E8332000FEDC0 /* SwipeCellKit.framework */ = {isa = PBXFileReference; lastKnownFileType = wrapper.framework; name = SwipeCellKit.framework; path = Carthage/Build/iOS/SwipeCellKit.framework; sourceTree = "<group>"; };
		A5F45E35213E8E46000FEDC0 /* SwipeHelper.swift */ = {isa = PBXFileReference; lastKnownFileType = sourcecode.swift; path = SwipeHelper.swift; sourceTree = "<group>"; };
/* End PBXFileReference section */

/* Begin PBXFrameworksBuildPhase section */
		A53B51692137ECF100DE670E /* Frameworks */ = {
			isa = PBXFrameworksBuildPhase;
			buildActionMask = 2147483647;
			files = (
				A5F45E34213E8332000FEDC0 /* SwipeCellKit.framework in Frameworks */,
				6A1D7EDB21391DB200C76FDD /* SunflowerSDK.framework in Frameworks */,
			);
			runOnlyForDeploymentPostprocessing = 0;
		};
		A53B517F2137ECF500DE670E /* Frameworks */ = {
			isa = PBXFrameworksBuildPhase;
			buildActionMask = 2147483647;
			files = (
			);
			runOnlyForDeploymentPostprocessing = 0;
		};
/* End PBXFrameworksBuildPhase section */

/* Begin PBXGroup section */
		6A1D7EC3213917A400C76FDD /* Frameworks */ = {
			isa = PBXGroup;
			children = (
				A5F45E33213E8332000FEDC0 /* SwipeCellKit.framework */,
				6A1D7EDA21391DB200C76FDD /* SunflowerSDK.framework */,
			);
			name = Frameworks;
			sourceTree = "<group>";
		};
		6A8EC0F621398E0100C08E23 /* SHSearchBar */ = {
			isa = PBXGroup;
			children = (
				6A8EC0F721398E0100C08E23 /* Strings */,
				6A8EC10121398E0100C08E23 /* Classes */,
			);
			path = SHSearchBar;
			sourceTree = "<group>";
		};
		6A8EC0F721398E0100C08E23 /* Strings */ = {
			isa = PBXGroup;
			children = (
				6A8EC0F821398E0100C08E23 /* Localizable.strings */,
			);
			path = Strings;
			sourceTree = "<group>";
		};
		6A8EC10121398E0100C08E23 /* Classes */ = {
			isa = PBXGroup;
			children = (
				6A462578213D81CF00A3CFAF /* SearchBarTitleView.swift */,
				6A8EC10221398E0100C08E23 /* SHSearchBar.swift */,
				6A8EC10321398E0100C08E23 /* SHSearchBarConfig.swift */,
				6A8EC10421398E0100C08E23 /* SHSearchBarTextField.swift */,
				6A8EC10621398E0100C08E23 /* SHSearchBarDelegate.swift */,
				6A8EC10721398E0100C08E23 /* UIImage+Style.swift */,
				6A8EC10821398E0100C08E23 /* Foundation + Extensions.swift */,
			);
			path = Classes;
			sourceTree = "<group>";
		};
		6A8EC11421398E3C00C08E23 /* View */ = {
			isa = PBXGroup;
			children = (
				A5F45E30213E5A5F000FEDC0 /* JFContactCell.xib */,
			);
			path = View;
			sourceTree = "<group>";
		};
		6A8EC11721398FE300C08E23 /* Model */ = {
			isa = PBXGroup;
			children = (
				6A8EC11821398FF000C08E23 /* ContactEntry.swift */,
			);
			path = Model;
			sourceTree = "<group>";
		};
		A53B51632137ECF100DE670E = {
			isa = PBXGroup;
			children = (
				6A1D7ED221391BC000C76FDD /* Cartfile */,
				6A1D7ED321391BC000C76FDD /* Cartfile.resolved */,
				A53B516E2137ECF100DE670E /* SmartContact */,
				A53B51852137ECF500DE670E /* SmartContactUITests */,
				A53B516D2137ECF100DE670E /* Products */,
				6A1D7EC3213917A400C76FDD /* Frameworks */,
			);
			sourceTree = "<group>";
		};
		A53B516D2137ECF100DE670E /* Products */ = {
			isa = PBXGroup;
			children = (
				A53B516C2137ECF100DE670E /* SmartContact.app */,
				A53B51822137ECF500DE670E /* SmartContactUITests.xctest */,
			);
			name = Products;
			sourceTree = "<group>";
		};
		A53B516E2137ECF100DE670E /* SmartContact */ = {
			isa = PBXGroup;
			children = (
				A5F45E21213E3EE1000FEDC0 /* Helper */,
				6A8EC11721398FE300C08E23 /* Model */,
				6A8EC11421398E3C00C08E23 /* View */,
				6A8EC0F621398E0100C08E23 /* SHSearchBar */,
				A53B51942137F3EE00DE670E /* StretchHeader */,
				A53B51912137F37D00DE670E /* ViewController */,
				A53B516F2137ECF100DE670E /* AppDelegate.swift */,
				A53B51732137ECF100DE670E /* SecondViewController.swift */,
				A53B51752137ECF100DE670E /* Main.storyboard */,
				A53B51782137ECF500DE670E /* Assets.xcassets */,
				A53B517A2137ECF500DE670E /* LaunchScreen.storyboard */,
				A53B517D2137ECF500DE670E /* Info.plist */,
				6A1D7EBF2139171300C76FDD /* SmartContact-Bridging-Header.h */,
			);
			path = SmartContact;
			sourceTree = "<group>";
		};
		A53B51852137ECF500DE670E /* SmartContactUITests */ = {
			isa = PBXGroup;
			children = (
				A53B51862137ECF500DE670E /* SmartContactUITests.swift */,
				A53B51882137ECF500DE670E /* Info.plist */,
			);
			path = SmartContactUITests;
			sourceTree = "<group>";
		};
		A53B51912137F37D00DE670E /* ViewController */ = {
			isa = PBXGroup;
			children = (
				A5F45E25213E5A16000FEDC0 /* MainContact */,
				A53B51922137F39200DE670E /* DetailContactVC.swift */,
			);
			path = ViewController;
			sourceTree = "<group>";
		};
		A53B51942137F3EE00DE670E /* StretchHeader */ = {
			isa = PBXGroup;
			children = (
				A53B51952137F3EE00DE670E /* StretchHeader.swift */,
				A53B51962137F3EE00DE670E /* StretchHeaderOptions.swift */,
			);
			path = StretchHeader;
			sourceTree = "<group>";
		};
		A5F45E21213E3EE1000FEDC0 /* Helper */ = {
			isa = PBXGroup;
			children = (
				A5F45E22213E3EF9000FEDC0 /* SearchBarHelper.swift */,
				A5F45E35213E8E46000FEDC0 /* SwipeHelper.swift */,
			);
			path = Helper;
			sourceTree = "<group>";
		};
		A5F45E25213E5A16000FEDC0 /* MainContact */ = {
			isa = PBXGroup;
			children = (
				A5F45E28213E5A3E000FEDC0 /* Constants.swift */,
				A5F45E29213E5A3E000FEDC0 /* Contact.swift */,
				A5F45E27213E5A3E000FEDC0 /* ContactCell.swift */,
				A5F45E2A213E5A3E000FEDC0 /* Extensions.swift */,
				A5F45E26213E5A3D000FEDC0 /* MainContact.swift */,
			);
			path = MainContact;
			sourceTree = "<group>";
		};
/* End PBXGroup section */

/* Begin PBXNativeTarget section */
		A53B516B2137ECF100DE670E /* SmartContact */ = {
			isa = PBXNativeTarget;
			buildConfigurationList = A53B518B2137ECF500DE670E /* Build configuration list for PBXNativeTarget "SmartContact" */;
			buildPhases = (
				A53B51682137ECF100DE670E /* Sources */,
				A53B51692137ECF100DE670E /* Frameworks */,
				A53B516A2137ECF100DE670E /* Resources */,
				6A1D7EC22139172E00C76FDD /* Copy carthage framework */,
				6A8EC0EF213942B200C08E23 /* Embed Frameworks */,
			);
			buildRules = (
			);
			dependencies = (
			);
			name = SmartContact;
			productName = SmartContact;
			productReference = A53B516C2137ECF100DE670E /* SmartContact.app */;
			productType = "com.apple.product-type.application";
		};
		A53B51812137ECF500DE670E /* SmartContactUITests */ = {
			isa = PBXNativeTarget;
			buildConfigurationList = A53B518E2137ECF500DE670E /* Build configuration list for PBXNativeTarget "SmartContactUITests" */;
			buildPhases = (
				A53B517E2137ECF500DE670E /* Sources */,
				A53B517F2137ECF500DE670E /* Frameworks */,
				A53B51802137ECF500DE670E /* Resources */,
			);
			buildRules = (
			);
			dependencies = (
				A53B51842137ECF500DE670E /* PBXTargetDependency */,
			);
			name = SmartContactUITests;
			productName = SmartContactUITests;
			productReference = A53B51822137ECF500DE670E /* SmartContactUITests.xctest */;
			productType = "com.apple.product-type.bundle.ui-testing";
		};
/* End PBXNativeTarget section */

/* Begin PBXProject section */
		A53B51642137ECF100DE670E /* Project object */ = {
			isa = PBXProject;
			attributes = {
				LastSwiftUpdateCheck = 0940;
				LastUpgradeCheck = 0940;
				ORGANIZATIONNAME = "Thanh Tran Van";
				TargetAttributes = {
					A53B516B2137ECF100DE670E = {
						CreatedOnToolsVersion = 9.4.1;
						LastSwiftMigration = 0940;
					};
					A53B51812137ECF500DE670E = {
						CreatedOnToolsVersion = 9.4.1;
						TestTargetID = A53B516B2137ECF100DE670E;
					};
				};
			};
			buildConfigurationList = A53B51672137ECF100DE670E /* Build configuration list for PBXProject "SmartContact" */;
			compatibilityVersion = "Xcode 9.3";
			developmentRegion = en;
			hasScannedForEncodings = 0;
			knownRegions = (
				en,
				Base,
				de,
				"zh-Hans",
				ja,
				es,
				it,
				ru,
				fr,
			);
			mainGroup = A53B51632137ECF100DE670E;
			productRefGroup = A53B516D2137ECF100DE670E /* Products */;
			projectDirPath = "";
			projectRoot = "";
			targets = (
				A53B516B2137ECF100DE670E /* SmartContact */,
				A53B51812137ECF500DE670E /* SmartContactUITests */,
			);
		};
/* End PBXProject section */

/* Begin PBXResourcesBuildPhase section */
		A53B516A2137ECF100DE670E /* Resources */ = {
			isa = PBXResourcesBuildPhase;
			buildActionMask = 2147483647;
			files = (
				A53B517C2137ECF500DE670E /* LaunchScreen.storyboard in Resources */,
				6A8EC10B21398E0100C08E23 /* Localizable.strings in Resources */,
				A53B51792137ECF500DE670E /* Assets.xcassets in Resources */,
				6A1D7ED421391BC000C76FDD /* Cartfile in Resources */,
				6A1D7ED521391BC000C76FDD /* Cartfile.resolved in Resources */,
				A53B51772137ECF100DE670E /* Main.storyboard in Resources */,
				A5F45E31213E5A5F000FEDC0 /* JFContactCell.xib in Resources */,
			);
			runOnlyForDeploymentPostprocessing = 0;
		};
		A53B51802137ECF500DE670E /* Resources */ = {
			isa = PBXResourcesBuildPhase;
			buildActionMask = 2147483647;
			files = (
			);
			runOnlyForDeploymentPostprocessing = 0;
		};
/* End PBXResourcesBuildPhase section */

/* Begin PBXShellScriptBuildPhase section */
		6A1D7EC22139172E00C76FDD /* Copy carthage framework */ = {
			isa = PBXShellScriptBuildPhase;
			buildActionMask = 2147483647;
			files = (
			);
			inputPaths = (
				"$(SRCROOT)/Carthage/Build/iOS/SunflowerSDK.framework",
				"$(SRCROOT)/Carthage/Build/iOS/SwipeCellKit.framework",
			);
			name = "Copy carthage framework";
			outputPaths = (
			);
			runOnlyForDeploymentPostprocessing = 0;
			shellPath = /bin/sh;
			shellScript = "/usr/local/bin/carthage copy-frameworks";
		};
/* End PBXShellScriptBuildPhase section */

/* Begin PBXSourcesBuildPhase section */
		A53B51682137ECF100DE670E /* Sources */ = {
			isa = PBXSourcesBuildPhase;
			buildActionMask = 2147483647;
			files = (
				A5F45E2C213E5A3E000FEDC0 /* ContactCell.swift in Sources */,
				A5F45E2D213E5A3E000FEDC0 /* Constants.swift in Sources */,
				A53B51932137F39200DE670E /* DetailContactVC.swift in Sources */,
				A53B51982137F3EE00DE670E /* StretchHeaderOptions.swift in Sources */,
				A53B51972137F3EE00DE670E /* StretchHeader.swift in Sources */,
				A5F45E2B213E5A3E000FEDC0 /* MainContact.swift in Sources */,
				A53B51742137ECF100DE670E /* SecondViewController.swift in Sources */,
				6A8EC11921398FF000C08E23 /* ContactEntry.swift in Sources */,
				6A8EC10E21398E0100C08E23 /* SHSearchBarTextField.swift in Sources */,
				6A462579213D81D000A3CFAF /* SearchBarTitleView.swift in Sources */,
				A5F45E2E213E5A3E000FEDC0 /* Contact.swift in Sources */,
				A5F45E2F213E5A3E000FEDC0 /* Extensions.swift in Sources */,
				A5F45E36213E8E46000FEDC0 /* SwipeHelper.swift in Sources */,
				6A8EC11021398E0100C08E23 /* SHSearchBarDelegate.swift in Sources */,
				A53B51702137ECF100DE670E /* AppDelegate.swift in Sources */,
				A5F45E23213E3EF9000FEDC0 /* SearchBarHelper.swift in Sources */,
				6A8EC11121398E0100C08E23 /* UIImage+Style.swift in Sources */,
				6A8EC10D21398E0100C08E23 /* SHSearchBarConfig.swift in Sources */,
				6A8EC11221398E0100C08E23 /* Foundation + Extensions.swift in Sources */,
				6A8EC10C21398E0100C08E23 /* SHSearchBar.swift in Sources */,
			);
			runOnlyForDeploymentPostprocessing = 0;
		};
		A53B517E2137ECF500DE670E /* Sources */ = {
			isa = PBXSourcesBuildPhase;
			buildActionMask = 2147483647;
			files = (
				A53B51872137ECF500DE670E /* SmartContactUITests.swift in Sources */,
			);
			runOnlyForDeploymentPostprocessing = 0;
		};
/* End PBXSourcesBuildPhase section */

/* Begin PBXTargetDependency section */
		A53B51842137ECF500DE670E /* PBXTargetDependency */ = {
			isa = PBXTargetDependency;
			target = A53B516B2137ECF100DE670E /* SmartContact */;
			targetProxy = A53B51832137ECF500DE670E /* PBXContainerItemProxy */;
		};
/* End PBXTargetDependency section */

/* Begin PBXVariantGroup section */
		6A8EC0F821398E0100C08E23 /* Localizable.strings */ = {
			isa = PBXVariantGroup;
			children = (
				6A8EC0F921398E0100C08E23 /* de */,
				6A8EC0FA21398E0100C08E23 /* zh-Hans */,
				6A8EC0FB21398E0100C08E23 /* ja */,
				6A8EC0FC21398E0100C08E23 /* en */,
				6A8EC0FD21398E0100C08E23 /* es */,
				6A8EC0FE21398E0100C08E23 /* it */,
				6A8EC0FF21398E0100C08E23 /* ru */,
				6A8EC10021398E0100C08E23 /* fr */,
			);
			name = Localizable.strings;
			sourceTree = "<group>";
		};
		A53B51752137ECF100DE670E /* Main.storyboard */ = {
			isa = PBXVariantGroup;
			children = (
				A53B51762137ECF100DE670E /* Base */,
			);
			name = Main.storyboard;
			sourceTree = "<group>";
		};
		A53B517A2137ECF500DE670E /* LaunchScreen.storyboard */ = {
			isa = PBXVariantGroup;
			children = (
				A53B517B2137ECF500DE670E /* Base */,
			);
			name = LaunchScreen.storyboard;
			sourceTree = "<group>";
		};
/* End PBXVariantGroup section */

/* Begin XCBuildConfiguration section */
		A53B51892137ECF500DE670E /* Debug */ = {
			isa = XCBuildConfiguration;
			buildSettings = {
				ALWAYS_SEARCH_USER_PATHS = NO;
				CLANG_ANALYZER_NONNULL = YES;
				CLANG_ANALYZER_NUMBER_OBJECT_CONVERSION = YES_AGGRESSIVE;
				CLANG_CXX_LANGUAGE_STANDARD = "gnu++14";
				CLANG_CXX_LIBRARY = "libc++";
				CLANG_ENABLE_MODULES = YES;
				CLANG_ENABLE_OBJC_ARC = YES;
				CLANG_ENABLE_OBJC_WEAK = YES;
				CLANG_WARN_BLOCK_CAPTURE_AUTORELEASING = YES;
				CLANG_WARN_BOOL_CONVERSION = YES;
				CLANG_WARN_COMMA = YES;
				CLANG_WARN_CONSTANT_CONVERSION = YES;
				CLANG_WARN_DEPRECATED_OBJC_IMPLEMENTATIONS = YES;
				CLANG_WARN_DIRECT_OBJC_ISA_USAGE = YES_ERROR;
				CLANG_WARN_DOCUMENTATION_COMMENTS = YES;
				CLANG_WARN_EMPTY_BODY = YES;
				CLANG_WARN_ENUM_CONVERSION = YES;
				CLANG_WARN_INFINITE_RECURSION = YES;
				CLANG_WARN_INT_CONVERSION = YES;
				CLANG_WARN_NON_LITERAL_NULL_CONVERSION = YES;
				CLANG_WARN_OBJC_IMPLICIT_RETAIN_SELF = YES;
				CLANG_WARN_OBJC_LITERAL_CONVERSION = YES;
				CLANG_WARN_OBJC_ROOT_CLASS = YES_ERROR;
				CLANG_WARN_RANGE_LOOP_ANALYSIS = YES;
				CLANG_WARN_STRICT_PROTOTYPES = YES;
				CLANG_WARN_SUSPICIOUS_MOVE = YES;
				CLANG_WARN_UNGUARDED_AVAILABILITY = YES_AGGRESSIVE;
				CLANG_WARN_UNREACHABLE_CODE = YES;
				CLANG_WARN__DUPLICATE_METHOD_MATCH = YES;
				CODE_SIGN_IDENTITY = "iPhone Developer";
				COPY_PHASE_STRIP = NO;
				DEBUG_INFORMATION_FORMAT = dwarf;
				ENABLE_STRICT_OBJC_MSGSEND = YES;
				ENABLE_TESTABILITY = YES;
				GCC_C_LANGUAGE_STANDARD = gnu11;
				GCC_DYNAMIC_NO_PIC = NO;
				GCC_NO_COMMON_BLOCKS = YES;
				GCC_OPTIMIZATION_LEVEL = 0;
				GCC_PREPROCESSOR_DEFINITIONS = (
					"DEBUG=1",
					"$(inherited)",
				);
				GCC_WARN_64_TO_32_BIT_CONVERSION = YES;
				GCC_WARN_ABOUT_RETURN_TYPE = YES_ERROR;
				GCC_WARN_UNDECLARED_SELECTOR = YES;
				GCC_WARN_UNINITIALIZED_AUTOS = YES_AGGRESSIVE;
				GCC_WARN_UNUSED_FUNCTION = YES;
				GCC_WARN_UNUSED_VARIABLE = YES;
				IPHONEOS_DEPLOYMENT_TARGET = 11.4;
				MTL_ENABLE_DEBUG_INFO = YES;
				ONLY_ACTIVE_ARCH = YES;
				SDKROOT = iphoneos;
				SWIFT_ACTIVE_COMPILATION_CONDITIONS = DEBUG;
				SWIFT_OPTIMIZATION_LEVEL = "-Onone";
			};
			name = Debug;
		};
		A53B518A2137ECF500DE670E /* Release */ = {
			isa = XCBuildConfiguration;
			buildSettings = {
				ALWAYS_SEARCH_USER_PATHS = NO;
				CLANG_ANALYZER_NONNULL = YES;
				CLANG_ANALYZER_NUMBER_OBJECT_CONVERSION = YES_AGGRESSIVE;
				CLANG_CXX_LANGUAGE_STANDARD = "gnu++14";
				CLANG_CXX_LIBRARY = "libc++";
				CLANG_ENABLE_MODULES = YES;
				CLANG_ENABLE_OBJC_ARC = YES;
				CLANG_ENABLE_OBJC_WEAK = YES;
				CLANG_WARN_BLOCK_CAPTURE_AUTORELEASING = YES;
				CLANG_WARN_BOOL_CONVERSION = YES;
				CLANG_WARN_COMMA = YES;
				CLANG_WARN_CONSTANT_CONVERSION = YES;
				CLANG_WARN_DEPRECATED_OBJC_IMPLEMENTATIONS = YES;
				CLANG_WARN_DIRECT_OBJC_ISA_USAGE = YES_ERROR;
				CLANG_WARN_DOCUMENTATION_COMMENTS = YES;
				CLANG_WARN_EMPTY_BODY = YES;
				CLANG_WARN_ENUM_CONVERSION = YES;
				CLANG_WARN_INFINITE_RECURSION = YES;
				CLANG_WARN_INT_CONVERSION = YES;
				CLANG_WARN_NON_LITERAL_NULL_CONVERSION = YES;
				CLANG_WARN_OBJC_IMPLICIT_RETAIN_SELF = YES;
				CLANG_WARN_OBJC_LITERAL_CONVERSION = YES;
				CLANG_WARN_OBJC_ROOT_CLASS = YES_ERROR;
				CLANG_WARN_RANGE_LOOP_ANALYSIS = YES;
				CLANG_WARN_STRICT_PROTOTYPES = YES;
				CLANG_WARN_SUSPICIOUS_MOVE = YES;
				CLANG_WARN_UNGUARDED_AVAILABILITY = YES_AGGRESSIVE;
				CLANG_WARN_UNREACHABLE_CODE = YES;
				CLANG_WARN__DUPLICATE_METHOD_MATCH = YES;
				CODE_SIGN_IDENTITY = "iPhone Developer";
				COPY_PHASE_STRIP = NO;
				DEBUG_INFORMATION_FORMAT = "dwarf-with-dsym";
				ENABLE_NS_ASSERTIONS = NO;
				ENABLE_STRICT_OBJC_MSGSEND = YES;
				GCC_C_LANGUAGE_STANDARD = gnu11;
				GCC_NO_COMMON_BLOCKS = YES;
				GCC_WARN_64_TO_32_BIT_CONVERSION = YES;
				GCC_WARN_ABOUT_RETURN_TYPE = YES_ERROR;
				GCC_WARN_UNDECLARED_SELECTOR = YES;
				GCC_WARN_UNINITIALIZED_AUTOS = YES_AGGRESSIVE;
				GCC_WARN_UNUSED_FUNCTION = YES;
				GCC_WARN_UNUSED_VARIABLE = YES;
				IPHONEOS_DEPLOYMENT_TARGET = 11.4;
				MTL_ENABLE_DEBUG_INFO = NO;
				SDKROOT = iphoneos;
				SWIFT_COMPILATION_MODE = wholemodule;
				SWIFT_OPTIMIZATION_LEVEL = "-O";
				VALIDATE_PRODUCT = YES;
			};
			name = Release;
		};
		A53B518C2137ECF500DE670E /* Debug */ = {
			isa = XCBuildConfiguration;
			buildSettings = {
				ASSETCATALOG_COMPILER_APPICON_NAME = AppIcon;
				CLANG_ENABLE_MODULES = YES;
				CODE_SIGN_STYLE = Automatic;
				DEVELOPMENT_TEAM = MR5T4DEYMH;
				ENABLE_BITCODE = NO;
				FRAMEWORK_SEARCH_PATHS = (
					"$(SRCROOT)/Carthage/Build/iOS",
					"$(PROJECT_DIR)/Carthage/Build/iOS",
				);
				INFOPLIST_FILE = SmartContact/Info.plist;
				IPHONEOS_DEPLOYMENT_TARGET = 10.0;
				LD_RUNPATH_SEARCH_PATHS = (
					"$(inherited)",
					"@executable_path/Frameworks",
				);
				PRODUCT_BUNDLE_IDENTIFIER = com.sunflower.SmartContact;
				PRODUCT_NAME = "$(TARGET_NAME)";
				SWIFT_OBJC_BRIDGING_HEADER = "SmartContact/SmartContact-Bridging-Header.h";
				SWIFT_OPTIMIZATION_LEVEL = "-Onone";
				SWIFT_VERSION = 4.0;
				TARGETED_DEVICE_FAMILY = "1,2";
			};
			name = Debug;
		};
		A53B518D2137ECF500DE670E /* Release */ = {
			isa = XCBuildConfiguration;
			buildSettings = {
				ASSETCATALOG_COMPILER_APPICON_NAME = AppIcon;
				CLANG_ENABLE_MODULES = YES;
				CODE_SIGN_STYLE = Automatic;
				DEVELOPMENT_TEAM = MR5T4DEYMH;
				ENABLE_BITCODE = NO;
				FRAMEWORK_SEARCH_PATHS = (
					"$(SRCROOT)/Carthage/Build/iOS",
					"$(PROJECT_DIR)/Carthage/Build/iOS",
				);
				INFOPLIST_FILE = SmartContact/Info.plist;
				IPHONEOS_DEPLOYMENT_TARGET = 10.0;
				LD_RUNPATH_SEARCH_PATHS = (
					"$(inherited)",
					"@executable_path/Frameworks",
				);
				PRODUCT_BUNDLE_IDENTIFIER = com.sunflower.SmartContact;
				PRODUCT_NAME = "$(TARGET_NAME)";
				SWIFT_OBJC_BRIDGING_HEADER = "SmartContact/SmartContact-Bridging-Header.h";
				SWIFT_VERSION = 4.0;
				TARGETED_DEVICE_FAMILY = "1,2";
			};
			name = Release;
		};
		A53B518F2137ECF500DE670E /* Debug */ = {
			isa = XCBuildConfiguration;
			buildSettings = {
				ALWAYS_EMBED_SWIFT_STANDARD_LIBRARIES = YES;
				CODE_SIGN_STYLE = Automatic;
				INFOPLIST_FILE = SmartContactUITests/Info.plist;
				LD_RUNPATH_SEARCH_PATHS = (
					"$(inherited)",
					"@executable_path/Frameworks",
					"@loader_path/Frameworks",
				);
				PRODUCT_BUNDLE_IDENTIFIER = com.sunflower.SmartContactUITests;
				PRODUCT_NAME = "$(TARGET_NAME)";
				SWIFT_VERSION = 4.0;
				TARGETED_DEVICE_FAMILY = "1,2";
				TEST_TARGET_NAME = SmartContact;
			};
			name = Debug;
		};
		A53B51902137ECF500DE670E /* Release */ = {
			isa = XCBuildConfiguration;
			buildSettings = {
				ALWAYS_EMBED_SWIFT_STANDARD_LIBRARIES = YES;
				CODE_SIGN_STYLE = Automatic;
				INFOPLIST_FILE = SmartContactUITests/Info.plist;
				LD_RUNPATH_SEARCH_PATHS = (
					"$(inherited)",
					"@executable_path/Frameworks",
					"@loader_path/Frameworks",
				);
				PRODUCT_BUNDLE_IDENTIFIER = com.sunflower.SmartContactUITests;
				PRODUCT_NAME = "$(TARGET_NAME)";
				SWIFT_VERSION = 4.0;
				TARGETED_DEVICE_FAMILY = "1,2";
				TEST_TARGET_NAME = SmartContact;
			};
			name = Release;
		};
/* End XCBuildConfiguration section */

/* Begin XCConfigurationList section */
		A53B51672137ECF100DE670E /* Build configuration list for PBXProject "SmartContact" */ = {
			isa = XCConfigurationList;
			buildConfigurations = (
				A53B51892137ECF500DE670E /* Debug */,
				A53B518A2137ECF500DE670E /* Release */,
			);
			defaultConfigurationIsVisible = 0;
			defaultConfigurationName = Release;
		};
		A53B518B2137ECF500DE670E /* Build configuration list for PBXNativeTarget "SmartContact" */ = {
			isa = XCConfigurationList;
			buildConfigurations = (
				A53B518C2137ECF500DE670E /* Debug */,
				A53B518D2137ECF500DE670E /* Release */,
			);
			defaultConfigurationIsVisible = 0;
			defaultConfigurationName = Release;
		};
		A53B518E2137ECF500DE670E /* Build configuration list for PBXNativeTarget "SmartContactUITests" */ = {
			isa = XCConfigurationList;
			buildConfigurations = (
				A53B518F2137ECF500DE670E /* Debug */,
				A53B51902137ECF500DE670E /* Release */,
			);
			defaultConfigurationIsVisible = 0;
			defaultConfigurationName = Release;
		};
/* End XCConfigurationList section */
	};
	rootObject = A53B51642137ECF100DE670E /* Project object */;
}
