// !$*UTF8*$!
{
	archiveVersion = 1;
	classes = {
	};
	objectVersion = 50;
	objects = {

/* Begin PBXBuildFile section */
		6A1D7ED421391BC000C76FDD /* Cartfile in Resources */ = {isa = PBXBuildFile; fileRef = 6A1D7ED221391BC000C76FDD /* Cartfile */; };
		6A1D7ED521391BC000C76FDD /* Cartfile.resolved in Resources */ = {isa = PBXBuildFile; fileRef = 6A1D7ED321391BC000C76FDD /* Cartfile.resolved */; };
		6A1D7EDB21391DB200C76FDD /* SunflowerSDK.framework in Frameworks */ = {isa = PBXBuildFile; fileRef = 6A1D7EDA21391DB200C76FDD /* SunflowerSDK.framework */; };
		6A29BB2D213EB315006CAC91 /* SwiftyContacts.framework in Frameworks */ = {isa = PBXBuildFile; fileRef = 6A29BB2C213EB314006CAC91 /* SwiftyContacts.framework */; };
		6A29BB30213EB34A006CAC91 /* GroupContactViewController.swift in Sources */ = {isa = PBXBuildFile; fileRef = 6A29BB2F213EB34A006CAC91 /* GroupContactViewController.swift */; };
		6A29BB33213EBA8A006CAC91 /* SmartContact.xcdatamodeld in Sources */ = {isa = PBXBuildFile; fileRef = 6A29BB31213EBA8A006CAC91 /* SmartContact.xcdatamodeld */; };
		6A29BB36213EBC02006CAC91 /* FavoriteViewController.swift in Sources */ = {isa = PBXBuildFile; fileRef = 6A29BB35213EBC02006CAC91 /* FavoriteViewController.swift */; };
		6A29BB38213EC3ED006CAC91 /* FavoriteHelper.swift in Sources */ = {isa = PBXBuildFile; fileRef = 6A29BB37213EC3ED006CAC91 /* FavoriteHelper.swift */; };
		6A8EC11921398FF000C08E23 /* ContactEntry.swift in Sources */ = {isa = PBXBuildFile; fileRef = 6A8EC11821398FF000C08E23 /* ContactEntry.swift */; };
		A50163B0214207A0007C9AC7 /* NoContactCell.swift in Sources */ = {isa = PBXBuildFile; fileRef = A50163AC21420794007C9AC7 /* NoContactCell.swift */; };
		A50163B1214207A0007C9AC7 /* GroupHeaderView.swift in Sources */ = {isa = PBXBuildFile; fileRef = A50163AD2142079F007C9AC7 /* GroupHeaderView.swift */; };
		A50163B2214207A0007C9AC7 /* GroupHeaderView.xib in Resources */ = {isa = PBXBuildFile; fileRef = A50163AE2142079F007C9AC7 /* GroupHeaderView.xib */; };
		A50163B3214207A0007C9AC7 /* NoContactCell.xib in Resources */ = {isa = PBXBuildFile; fileRef = A50163AF214207A0007C9AC7 /* NoContactCell.xib */; };
		A50163C02146575C007C9AC7 /* GroupHelper.swift in Sources */ = {isa = PBXBuildFile; fileRef = A50163BF21465759007C9AC7 /* GroupHelper.swift */; };
		A507A5782140B055001D0D59 /* ContactsPickerViewController.swift in Sources */ = {isa = PBXBuildFile; fileRef = A507A5712140B055001D0D59 /* ContactsPickerViewController.swift */; };
		A507A5792140B055001D0D59 /* Contacts.swift in Sources */ = {isa = PBXBuildFile; fileRef = A507A5732140B055001D0D59 /* Contacts.swift */; };
		A507A57E2140B147001D0D59 /* Common+Extensions.swift in Sources */ = {isa = PBXBuildFile; fileRef = A507A57C2140B147001D0D59 /* Common+Extensions.swift */; };
		A507A57F2140B147001D0D59 /* UIImageView+Extensions.swift in Sources */ = {isa = PBXBuildFile; fileRef = A507A57D2140B147001D0D59 /* UIImageView+Extensions.swift */; };
		A507A5812140B16A001D0D59 /* ContactModel.swift in Sources */ = {isa = PBXBuildFile; fileRef = A507A5802140B16A001D0D59 /* ContactModel.swift */; };
		A507A5832140B1C5001D0D59 /* UIAlertController+Extensions.swift in Sources */ = {isa = PBXBuildFile; fileRef = A507A5822140B1C5001D0D59 /* UIAlertController+Extensions.swift */; };
		A507A5852140B20D001D0D59 /* UIViewController.swift in Sources */ = {isa = PBXBuildFile; fileRef = A507A5842140B20D001D0D59 /* UIViewController.swift */; };
		A507A5872140B26E001D0D59 /* UIView+Extensions.swift in Sources */ = {isa = PBXBuildFile; fileRef = A507A5862140B26E001D0D59 /* UIView+Extensions.swift */; };
		A507A5892140B427001D0D59 /* ContactPickerCell.swift in Sources */ = {isa = PBXBuildFile; fileRef = A507A5882140B427001D0D59 /* ContactPickerCell.swift */; };
		A507A58B2140B532001D0D59 /* String+Extensions.swift in Sources */ = {isa = PBXBuildFile; fileRef = A507A58A2140B532001D0D59 /* String+Extensions.swift */; };
		A53B51702137ECF100DE670E /* AppDelegate.swift in Sources */ = {isa = PBXBuildFile; fileRef = A53B516F2137ECF100DE670E /* AppDelegate.swift */; };
		A53B51742137ECF100DE670E /* SecondViewController.swift in Sources */ = {isa = PBXBuildFile; fileRef = A53B51732137ECF100DE670E /* SecondViewController.swift */; };
		A53B51772137ECF100DE670E /* Main.storyboard in Resources */ = {isa = PBXBuildFile; fileRef = A53B51752137ECF100DE670E /* Main.storyboard */; };
		A53B51792137ECF500DE670E /* Assets.xcassets in Resources */ = {isa = PBXBuildFile; fileRef = A53B51782137ECF500DE670E /* Assets.xcassets */; };
		A53B517C2137ECF500DE670E /* LaunchScreen.storyboard in Resources */ = {isa = PBXBuildFile; fileRef = A53B517A2137ECF500DE670E /* LaunchScreen.storyboard */; };
		A53B51872137ECF500DE670E /* SmartContactUITests.swift in Sources */ = {isa = PBXBuildFile; fileRef = A53B51862137ECF500DE670E /* SmartContactUITests.swift */; };
		A53B51932137F39200DE670E /* DetailContactVC.swift in Sources */ = {isa = PBXBuildFile; fileRef = A53B51922137F39200DE670E /* DetailContactVC.swift */; };
		A53B51972137F3EE00DE670E /* StretchHeader.swift in Sources */ = {isa = PBXBuildFile; fileRef = A53B51952137F3EE00DE670E /* StretchHeader.swift */; };
		A53B51982137F3EE00DE670E /* StretchHeaderOptions.swift in Sources */ = {isa = PBXBuildFile; fileRef = A53B51962137F3EE00DE670E /* StretchHeaderOptions.swift */; };
		A5F45E2B213E5A3E000FEDC0 /* MainContact.swift in Sources */ = {isa = PBXBuildFile; fileRef = A5F45E26213E5A3D000FEDC0 /* MainContact.swift */; };
		A5F45E2C213E5A3E000FEDC0 /* ContactCell.swift in Sources */ = {isa = PBXBuildFile; fileRef = A5F45E27213E5A3E000FEDC0 /* ContactCell.swift */; };
		A5F45E2D213E5A3E000FEDC0 /* Constants.swift in Sources */ = {isa = PBXBuildFile; fileRef = A5F45E28213E5A3E000FEDC0 /* Constants.swift */; };
		A5F45E2E213E5A3E000FEDC0 /* Contact.swift in Sources */ = {isa = PBXBuildFile; fileRef = A5F45E29213E5A3E000FEDC0 /* Contact.swift */; };
		A5F45E2F213E5A3E000FEDC0 /* Extensions.swift in Sources */ = {isa = PBXBuildFile; fileRef = A5F45E2A213E5A3E000FEDC0 /* Extensions.swift */; };
		A5F45E31213E5A5F000FEDC0 /* JFContactCell.xib in Resources */ = {isa = PBXBuildFile; fileRef = A5F45E30213E5A5F000FEDC0 /* JFContactCell.xib */; };
		A5F45E34213E8332000FEDC0 /* SwipeCellKit.framework in Frameworks */ = {isa = PBXBuildFile; fileRef = A5F45E33213E8332000FEDC0 /* SwipeCellKit.framework */; };
		A5F45E36213E8E46000FEDC0 /* SwipeHelper.swift in Sources */ = {isa = PBXBuildFile; fileRef = A5F45E35213E8E46000FEDC0 /* SwipeHelper.swift */; };
		A5F45E3F213FB7C6000FEDC0 /* UserDefaults.swift in Sources */ = {isa = PBXBuildFile; fileRef = A5F45E3E213FB7C6000FEDC0 /* UserDefaults.swift */; };
		A5F45E42213FBAFF000FEDC0 /* SettingsViewController.swift in Sources */ = {isa = PBXBuildFile; fileRef = A5F45E41213FBAFF000FEDC0 /* SettingsViewController.swift */; };
		A5F45E5C213FC33F000FEDC0 /* SampleView.swift in Sources */ = {isa = PBXBuildFile; fileRef = A5F45E5A213FC33F000FEDC0 /* SampleView.swift */; };
		A5F45E5D213FC33F000FEDC0 /* SampleView.xib in Resources */ = {isa = PBXBuildFile; fileRef = A5F45E5B213FC33F000FEDC0 /* SampleView.xib */; };
		A5F45E5F213FC3F1000FEDC0 /* CustomizableActionSheet.framework in Frameworks */ = {isa = PBXBuildFile; fileRef = A5F45E5E213FC3F0000FEDC0 /* CustomizableActionSheet.framework */; };
		A5F45E61213FC658000FEDC0 /* UIColor.swift in Sources */ = {isa = PBXBuildFile; fileRef = A5F45E60213FC658000FEDC0 /* UIColor.swift */; };
		A5F45E63213FC728000FEDC0 /* NotificationCenter.swift in Sources */ = {isa = PBXBuildFile; fileRef = A5F45E62213FC728000FEDC0 /* NotificationCenter.swift */; };
		A5F45E65213FC7F9000FEDC0 /* UINavigationController.swift in Sources */ = {isa = PBXBuildFile; fileRef = A5F45E64213FC7F9000FEDC0 /* UINavigationController.swift */; };
		A5F45E68213FC937000FEDC0 /* BaseViewController.swift in Sources */ = {isa = PBXBuildFile; fileRef = A5F45E67213FC937000FEDC0 /* BaseViewController.swift */; };
/* End PBXBuildFile section */

/* Begin PBXContainerItemProxy section */
		A53B51832137ECF500DE670E /* PBXContainerItemProxy */ = {
			isa = PBXContainerItemProxy;
			containerPortal = A53B51642137ECF100DE670E /* Project object */;
			proxyType = 1;
			remoteGlobalIDString = A53B516B2137ECF100DE670E;
			remoteInfo = SmartContact;
		};
/* End PBXContainerItemProxy section */

/* Begin PBXCopyFilesBuildPhase section */
		6A8EC0EF213942B200C08E23 /* Embed Frameworks */ = {
			isa = PBXCopyFilesBuildPhase;
			buildActionMask = 2147483647;
			dstPath = "";
			dstSubfolderSpec = 10;
			files = (
			);
			name = "Embed Frameworks";
			runOnlyForDeploymentPostprocessing = 0;
		};
/* End PBXCopyFilesBuildPhase section */

/* Begin PBXFileReference section */
		6A1D7EBF2139171300C76FDD /* SmartContact-Bridging-Header.h */ = {isa = PBXFileReference; lastKnownFileType = sourcecode.c.h; path = "SmartContact-Bridging-Header.h"; sourceTree = "<group>"; };
		6A1D7ED221391BC000C76FDD /* Cartfile */ = {isa = PBXFileReference; fileEncoding = 4; lastKnownFileType = text; path = Cartfile; sourceTree = "<group>"; };
		6A1D7ED321391BC000C76FDD /* Cartfile.resolved */ = {isa = PBXFileReference; fileEncoding = 4; lastKnownFileType = text; path = Cartfile.resolved; sourceTree = "<group>"; };
		6A1D7EDA21391DB200C76FDD /* SunflowerSDK.framework */ = {isa = PBXFileReference; lastKnownFileType = wrapper.framework; name = SunflowerSDK.framework; path = Carthage/Build/iOS/SunflowerSDK.framework; sourceTree = "<group>"; };
		6A29BB2C213EB314006CAC91 /* SwiftyContacts.framework */ = {isa = PBXFileReference; lastKnownFileType = wrapper.framework; name = SwiftyContacts.framework; path = Carthage/Build/iOS/SwiftyContacts.framework; sourceTree = "<group>"; };
		6A29BB2F213EB34A006CAC91 /* GroupContactViewController.swift */ = {isa = PBXFileReference; lastKnownFileType = sourcecode.swift; path = GroupContactViewController.swift; sourceTree = "<group>"; };
		6A29BB32213EBA8A006CAC91 /* SmartContact.xcdatamodel */ = {isa = PBXFileReference; lastKnownFileType = wrapper.xcdatamodel; path = SmartContact.xcdatamodel; sourceTree = "<group>"; };
		6A29BB35213EBC02006CAC91 /* FavoriteViewController.swift */ = {isa = PBXFileReference; lastKnownFileType = sourcecode.swift; path = FavoriteViewController.swift; sourceTree = "<group>"; };
		6A29BB37213EC3ED006CAC91 /* FavoriteHelper.swift */ = {isa = PBXFileReference; lastKnownFileType = sourcecode.swift; path = FavoriteHelper.swift; sourceTree = "<group>"; };
		6A8EC11821398FF000C08E23 /* ContactEntry.swift */ = {isa = PBXFileReference; lastKnownFileType = sourcecode.swift; path = ContactEntry.swift; sourceTree = "<group>"; };
		A50163AC21420794007C9AC7 /* NoContactCell.swift */ = {isa = PBXFileReference; fileEncoding = 4; lastKnownFileType = sourcecode.swift; path = NoContactCell.swift; sourceTree = "<group>"; };
		A50163AD2142079F007C9AC7 /* GroupHeaderView.swift */ = {isa = PBXFileReference; fileEncoding = 4; lastKnownFileType = sourcecode.swift; path = GroupHeaderView.swift; sourceTree = "<group>"; };
		A50163AE2142079F007C9AC7 /* GroupHeaderView.xib */ = {isa = PBXFileReference; fileEncoding = 4; lastKnownFileType = file.xib; path = GroupHeaderView.xib; sourceTree = "<group>"; };
		A50163AF214207A0007C9AC7 /* NoContactCell.xib */ = {isa = PBXFileReference; fileEncoding = 4; lastKnownFileType = file.xib; path = NoContactCell.xib; sourceTree = "<group>"; };
		A50163BF21465759007C9AC7 /* GroupHelper.swift */ = {isa = PBXFileReference; fileEncoding = 4; lastKnownFileType = sourcecode.swift; path = GroupHelper.swift; sourceTree = "<group>"; };
		A507A5712140B055001D0D59 /* ContactsPickerViewController.swift */ = {isa = PBXFileReference; fileEncoding = 4; lastKnownFileType = sourcecode.swift; path = ContactsPickerViewController.swift; sourceTree = "<group>"; };
		A507A5732140B055001D0D59 /* Contacts.swift */ = {isa = PBXFileReference; fileEncoding = 4; lastKnownFileType = sourcecode.swift; path = Contacts.swift; sourceTree = "<group>"; };
		A507A57C2140B147001D0D59 /* Common+Extensions.swift */ = {isa = PBXFileReference; fileEncoding = 4; lastKnownFileType = sourcecode.swift; path = "Common+Extensions.swift"; sourceTree = "<group>"; };
		A507A57D2140B147001D0D59 /* UIImageView+Extensions.swift */ = {isa = PBXFileReference; fileEncoding = 4; lastKnownFileType = sourcecode.swift; path = "UIImageView+Extensions.swift"; sourceTree = "<group>"; };
		A507A5802140B16A001D0D59 /* ContactModel.swift */ = {isa = PBXFileReference; fileEncoding = 4; lastKnownFileType = sourcecode.swift; path = ContactModel.swift; sourceTree = "<group>"; };
		A507A5822140B1C5001D0D59 /* UIAlertController+Extensions.swift */ = {isa = PBXFileReference; fileEncoding = 4; lastKnownFileType = sourcecode.swift; path = "UIAlertController+Extensions.swift"; sourceTree = "<group>"; };
		A507A5842140B20D001D0D59 /* UIViewController.swift */ = {isa = PBXFileReference; lastKnownFileType = sourcecode.swift; path = UIViewController.swift; sourceTree = "<group>"; };
		A507A5862140B26E001D0D59 /* UIView+Extensions.swift */ = {isa = PBXFileReference; fileEncoding = 4; lastKnownFileType = sourcecode.swift; path = "UIView+Extensions.swift"; sourceTree = "<group>"; };
		A507A5882140B427001D0D59 /* ContactPickerCell.swift */ = {isa = PBXFileReference; fileEncoding = 4; lastKnownFileType = sourcecode.swift; path = ContactPickerCell.swift; sourceTree = "<group>"; };
		A507A58A2140B532001D0D59 /* String+Extensions.swift */ = {isa = PBXFileReference; fileEncoding = 4; lastKnownFileType = sourcecode.swift; path = "String+Extensions.swift"; sourceTree = "<group>"; };
		A53B516C2137ECF100DE670E /* SmartContact.app */ = {isa = PBXFileReference; explicitFileType = wrapper.application; includeInIndex = 0; path = SmartContact.app; sourceTree = BUILT_PRODUCTS_DIR; };
		A53B516F2137ECF100DE670E /* AppDelegate.swift */ = {isa = PBXFileReference; lastKnownFileType = sourcecode.swift; path = AppDelegate.swift; sourceTree = "<group>"; };
		A53B51732137ECF100DE670E /* SecondViewController.swift */ = {isa = PBXFileReference; lastKnownFileType = sourcecode.swift; path = SecondViewController.swift; sourceTree = "<group>"; };
		A53B51762137ECF100DE670E /* Base */ = {isa = PBXFileReference; lastKnownFileType = file.storyboard; name = Base; path = Base.lproj/Main.storyboard; sourceTree = "<group>"; };
		A53B51782137ECF500DE670E /* Assets.xcassets */ = {isa = PBXFileReference; lastKnownFileType = folder.assetcatalog; path = Assets.xcassets; sourceTree = "<group>"; };
		A53B517B2137ECF500DE670E /* Base */ = {isa = PBXFileReference; lastKnownFileType = file.storyboard; name = Base; path = Base.lproj/LaunchScreen.storyboard; sourceTree = "<group>"; };
		A53B517D2137ECF500DE670E /* Info.plist */ = {isa = PBXFileReference; lastKnownFileType = text.plist.xml; path = Info.plist; sourceTree = "<group>"; };
		A53B51822137ECF500DE670E /* SmartContactUITests.xctest */ = {isa = PBXFileReference; explicitFileType = wrapper.cfbundle; includeInIndex = 0; path = SmartContactUITests.xctest; sourceTree = BUILT_PRODUCTS_DIR; };
		A53B51862137ECF500DE670E /* SmartContactUITests.swift */ = {isa = PBXFileReference; lastKnownFileType = sourcecode.swift; path = SmartContactUITests.swift; sourceTree = "<group>"; };
		A53B51882137ECF500DE670E /* Info.plist */ = {isa = PBXFileReference; lastKnownFileType = text.plist.xml; path = Info.plist; sourceTree = "<group>"; };
		A53B51922137F39200DE670E /* DetailContactVC.swift */ = {isa = PBXFileReference; lastKnownFileType = sourcecode.swift; path = DetailContactVC.swift; sourceTree = "<group>"; };
		A53B51952137F3EE00DE670E /* StretchHeader.swift */ = {isa = PBXFileReference; fileEncoding = 4; lastKnownFileType = sourcecode.swift; path = StretchHeader.swift; sourceTree = "<group>"; };
		A53B51962137F3EE00DE670E /* StretchHeaderOptions.swift */ = {isa = PBXFileReference; fileEncoding = 4; lastKnownFileType = sourcecode.swift; path = StretchHeaderOptions.swift; sourceTree = "<group>"; };
		A5F45E26213E5A3D000FEDC0 /* MainContact.swift */ = {isa = PBXFileReference; fileEncoding = 4; lastKnownFileType = sourcecode.swift; path = MainContact.swift; sourceTree = "<group>"; };
		A5F45E27213E5A3E000FEDC0 /* ContactCell.swift */ = {isa = PBXFileReference; fileEncoding = 4; lastKnownFileType = sourcecode.swift; path = ContactCell.swift; sourceTree = "<group>"; };
		A5F45E28213E5A3E000FEDC0 /* Constants.swift */ = {isa = PBXFileReference; fileEncoding = 4; lastKnownFileType = sourcecode.swift; path = Constants.swift; sourceTree = "<group>"; };
		A5F45E29213E5A3E000FEDC0 /* Contact.swift */ = {isa = PBXFileReference; fileEncoding = 4; lastKnownFileType = sourcecode.swift; path = Contact.swift; sourceTree = "<group>"; };
		A5F45E2A213E5A3E000FEDC0 /* Extensions.swift */ = {isa = PBXFileReference; fileEncoding = 4; lastKnownFileType = sourcecode.swift; path = Extensions.swift; sourceTree = "<group>"; };
		A5F45E30213E5A5F000FEDC0 /* JFContactCell.xib */ = {isa = PBXFileReference; fileEncoding = 4; lastKnownFileType = file.xib; path = JFContactCell.xib; sourceTree = "<group>"; };
		A5F45E33213E8332000FEDC0 /* SwipeCellKit.framework */ = {isa = PBXFileReference; lastKnownFileType = wrapper.framework; name = SwipeCellKit.framework; path = Carthage/Build/iOS/SwipeCellKit.framework; sourceTree = "<group>"; };
		A5F45E35213E8E46000FEDC0 /* SwipeHelper.swift */ = {isa = PBXFileReference; lastKnownFileType = sourcecode.swift; path = SwipeHelper.swift; sourceTree = "<group>"; };
		A5F45E3E213FB7C6000FEDC0 /* UserDefaults.swift */ = {isa = PBXFileReference; lastKnownFileType = sourcecode.swift; path = UserDefaults.swift; sourceTree = "<group>"; };
		A5F45E41213FBAFF000FEDC0 /* SettingsViewController.swift */ = {isa = PBXFileReference; lastKnownFileType = sourcecode.swift; path = SettingsViewController.swift; sourceTree = "<group>"; };
		A5F45E5A213FC33F000FEDC0 /* SampleView.swift */ = {isa = PBXFileReference; fileEncoding = 4; lastKnownFileType = sourcecode.swift; path = SampleView.swift; sourceTree = "<group>"; };
		A5F45E5B213FC33F000FEDC0 /* SampleView.xib */ = {isa = PBXFileReference; fileEncoding = 4; lastKnownFileType = file.xib; path = SampleView.xib; sourceTree = "<group>"; };
		A5F45E5E213FC3F0000FEDC0 /* CustomizableActionSheet.framework */ = {isa = PBXFileReference; lastKnownFileType = wrapper.framework; name = CustomizableActionSheet.framework; path = Carthage/Build/iOS/CustomizableActionSheet.framework; sourceTree = "<group>"; };
		A5F45E60213FC658000FEDC0 /* UIColor.swift */ = {isa = PBXFileReference; lastKnownFileType = sourcecode.swift; path = UIColor.swift; sourceTree = "<group>"; };
		A5F45E62213FC728000FEDC0 /* NotificationCenter.swift */ = {isa = PBXFileReference; lastKnownFileType = sourcecode.swift; path = NotificationCenter.swift; sourceTree = "<group>"; };
		A5F45E64213FC7F9000FEDC0 /* UINavigationController.swift */ = {isa = PBXFileReference; lastKnownFileType = sourcecode.swift; path = UINavigationController.swift; sourceTree = "<group>"; };
		A5F45E67213FC937000FEDC0 /* BaseViewController.swift */ = {isa = PBXFileReference; lastKnownFileType = sourcecode.swift; path = BaseViewController.swift; sourceTree = "<group>"; };
/* End PBXFileReference section */

/* Begin PBXFrameworksBuildPhase section */
		A53B51692137ECF100DE670E /* Frameworks */ = {
			isa = PBXFrameworksBuildPhase;
			buildActionMask = 2147483647;
			files = (
				A5F45E5F213FC3F1000FEDC0 /* CustomizableActionSheet.framework in Frameworks */,
				6A29BB2D213EB315006CAC91 /* SwiftyContacts.framework in Frameworks */,
				A5F45E34213E8332000FEDC0 /* SwipeCellKit.framework in Frameworks */,
				6A1D7EDB21391DB200C76FDD /* SunflowerSDK.framework in Frameworks */,
			);
			runOnlyForDeploymentPostprocessing = 0;
		};
		A53B517F2137ECF500DE670E /* Frameworks */ = {
			isa = PBXFrameworksBuildPhase;
			buildActionMask = 2147483647;
			files = (
			);
			runOnlyForDeploymentPostprocessing = 0;
		};
/* End PBXFrameworksBuildPhase section */

/* Begin PBXGroup section */
		6A1D7EC3213917A400C76FDD /* Frameworks */ = {
			isa = PBXGroup;
			children = (
				A5F45E5E213FC3F0000FEDC0 /* CustomizableActionSheet.framework */,
				6A29BB2C213EB314006CAC91 /* SwiftyContacts.framework */,
				A5F45E33213E8332000FEDC0 /* SwipeCellKit.framework */,
				6A1D7EDA21391DB200C76FDD /* SunflowerSDK.framework */,
			);
			name = Frameworks;
			sourceTree = "<group>";
		};
		6A29BB2E213EB33C006CAC91 /* GroupContact */ = {
			isa = PBXGroup;
			children = (
				6A29BB2F213EB34A006CAC91 /* GroupContactViewController.swift */,
			);
			path = GroupContact;
			sourceTree = "<group>";
		};
		6A29BB34213EBBF2006CAC91 /* Favorite */ = {
			isa = PBXGroup;
			children = (
				6A29BB35213EBC02006CAC91 /* FavoriteViewController.swift */,
			);
			path = Favorite;
			sourceTree = "<group>";
		};
		6A8EC11421398E3C00C08E23 /* View */ = {
			isa = PBXGroup;
			children = (
				A50163AD2142079F007C9AC7 /* GroupHeaderView.swift */,
				A50163AE2142079F007C9AC7 /* GroupHeaderView.xib */,
				A50163AC21420794007C9AC7 /* NoContactCell.swift */,
				A50163AF214207A0007C9AC7 /* NoContactCell.xib */,
				A5F45E30213E5A5F000FEDC0 /* JFContactCell.xib */,
			);
			path = View;
			sourceTree = "<group>";
		};
		6A8EC11721398FE300C08E23 /* Model */ = {
			isa = PBXGroup;
			children = (
				6A8EC11821398FF000C08E23 /* ContactEntry.swift */,
			);
			path = Model;
			sourceTree = "<group>";
		};
		A507A5702140B055001D0D59 /* ContactPicker */ = {
			isa = PBXGroup;
			children = (
				A507A5712140B055001D0D59 /* ContactsPickerViewController.swift */,
				A507A5722140B055001D0D59 /* Managers */,
				A507A5742140B055001D0D59 /* Models */,
				A507A5762140B055001D0D59 /* Views */,
			);
			path = ContactPicker;
			sourceTree = "<group>";
		};
		A507A5722140B055001D0D59 /* Managers */ = {
			isa = PBXGroup;
			children = (
				A507A5732140B055001D0D59 /* Contacts.swift */,
			);
			path = Managers;
			sourceTree = "<group>";
		};
		A507A5742140B055001D0D59 /* Models */ = {
			isa = PBXGroup;
			children = (
				A507A5802140B16A001D0D59 /* ContactModel.swift */,
			);
			path = Models;
			sourceTree = "<group>";
		};
		A507A5762140B055001D0D59 /* Views */ = {
			isa = PBXGroup;
			children = (
				A507A5882140B427001D0D59 /* ContactPickerCell.swift */,
			);
			path = Views;
			sourceTree = "<group>";
		};
		A53B51632137ECF100DE670E = {
			isa = PBXGroup;
			children = (
				6A1D7ED221391BC000C76FDD /* Cartfile */,
				6A1D7ED321391BC000C76FDD /* Cartfile.resolved */,
				A53B516E2137ECF100DE670E /* SmartContact */,
				A53B51852137ECF500DE670E /* SmartContactUITests */,
				A53B516D2137ECF100DE670E /* Products */,
				6A1D7EC3213917A400C76FDD /* Frameworks */,
			);
			sourceTree = "<group>";
		};
		A53B516D2137ECF100DE670E /* Products */ = {
			isa = PBXGroup;
			children = (
				A53B516C2137ECF100DE670E /* SmartContact.app */,
				A53B51822137ECF500DE670E /* SmartContactUITests.xctest */,
			);
			name = Products;
			sourceTree = "<group>";
		};
		A53B516E2137ECF100DE670E /* SmartContact */ = {
			isa = PBXGroup;
			children = (
				A5F45E3B213FB79B000FEDC0 /* Extensions etc */,
				A5F45E21213E3EE1000FEDC0 /* Helper */,
				6A8EC11721398FE300C08E23 /* Model */,
				6A8EC11421398E3C00C08E23 /* View */,
				A53B51942137F3EE00DE670E /* StretchHeader */,
				A53B51912137F37D00DE670E /* ViewController */,
				A53B516F2137ECF100DE670E /* AppDelegate.swift */,
				A53B51732137ECF100DE670E /* SecondViewController.swift */,
				A53B51752137ECF100DE670E /* Main.storyboard */,
				A53B51782137ECF500DE670E /* Assets.xcassets */,
				A53B517A2137ECF500DE670E /* LaunchScreen.storyboard */,
				A53B517D2137ECF500DE670E /* Info.plist */,
				6A1D7EBF2139171300C76FDD /* SmartContact-Bridging-Header.h */,
				6A29BB31213EBA8A006CAC91 /* SmartContact.xcdatamodeld */,
			);
			path = SmartContact;
			sourceTree = "<group>";
		};
		A53B51852137ECF500DE670E /* SmartContactUITests */ = {
			isa = PBXGroup;
			children = (
				A53B51862137ECF500DE670E /* SmartContactUITests.swift */,
				A53B51882137ECF500DE670E /* Info.plist */,
			);
			path = SmartContactUITests;
			sourceTree = "<group>";
		};
		A53B51912137F37D00DE670E /* ViewController */ = {
			isa = PBXGroup;
			children = (
				A5F45E66213FC92B000FEDC0 /* Base */,
				A5F45E40213FBAEE000FEDC0 /* Setting */,
				6A29BB34213EBBF2006CAC91 /* Favorite */,
				6A29BB2E213EB33C006CAC91 /* GroupContact */,
				A5F45E25213E5A16000FEDC0 /* MainContact */,
				A53B51922137F39200DE670E /* DetailContactVC.swift */,
			);
			path = ViewController;
			sourceTree = "<group>";
		};
		A53B51942137F3EE00DE670E /* StretchHeader */ = {
			isa = PBXGroup;
			children = (
				A53B51952137F3EE00DE670E /* StretchHeader.swift */,
				A53B51962137F3EE00DE670E /* StretchHeaderOptions.swift */,
			);
			path = StretchHeader;
			sourceTree = "<group>";
		};
		A5F45E21213E3EE1000FEDC0 /* Helper */ = {
			isa = PBXGroup;
			children = (
				A50163BF21465759007C9AC7 /* GroupHelper.swift */,
				A507A5702140B055001D0D59 /* ContactPicker */,
				A5F45E35213E8E46000FEDC0 /* SwipeHelper.swift */,
				6A29BB37213EC3ED006CAC91 /* FavoriteHelper.swift */,
			);
			path = Helper;
			sourceTree = "<group>";
		};
		A5F45E25213E5A16000FEDC0 /* MainContact */ = {
			isa = PBXGroup;
			children = (
				A5F45E28213E5A3E000FEDC0 /* Constants.swift */,
				A5F45E29213E5A3E000FEDC0 /* Contact.swift */,
				A5F45E27213E5A3E000FEDC0 /* ContactCell.swift */,
				A5F45E2A213E5A3E000FEDC0 /* Extensions.swift */,
				A5F45E26213E5A3D000FEDC0 /* MainContact.swift */,
			);
			path = MainContact;
			sourceTree = "<group>";
		};
		A5F45E3B213FB79B000FEDC0 /* Extensions etc */ = {
			isa = PBXGroup;
			children = (
				A507A58A2140B532001D0D59 /* String+Extensions.swift */,
				A507A5862140B26E001D0D59 /* UIView+Extensions.swift */,
				A507A5822140B1C5001D0D59 /* UIAlertController+Extensions.swift */,
				A507A57C2140B147001D0D59 /* Common+Extensions.swift */,
				A507A57D2140B147001D0D59 /* UIImageView+Extensions.swift */,
				A5F45E3E213FB7C6000FEDC0 /* UserDefaults.swift */,
				A5F45E60213FC658000FEDC0 /* UIColor.swift */,
				A5F45E62213FC728000FEDC0 /* NotificationCenter.swift */,
				A5F45E64213FC7F9000FEDC0 /* UINavigationController.swift */,
				A507A5842140B20D001D0D59 /* UIViewController.swift */,
			);
			path = "Extensions etc";
			sourceTree = "<group>";
		};
		A5F45E40213FBAEE000FEDC0 /* Setting */ = {
			isa = PBXGroup;
			children = (
				A5F45E59213FC30C000FEDC0 /* ColorPicker */,
				A5F45E41213FBAFF000FEDC0 /* SettingsViewController.swift */,
			);
			path = Setting;
			sourceTree = "<group>";
		};
		A5F45E59213FC30C000FEDC0 /* ColorPicker */ = {
			isa = PBXGroup;
			children = (
				A5F45E5A213FC33F000FEDC0 /* SampleView.swift */,
				A5F45E5B213FC33F000FEDC0 /* SampleView.xib */,
			);
			path = ColorPicker;
			sourceTree = "<group>";
		};
		A5F45E66213FC92B000FEDC0 /* Base */ = {
			isa = PBXGroup;
			children = (
				A5F45E67213FC937000FEDC0 /* BaseViewController.swift */,
			);
			path = Base;
			sourceTree = "<group>";
		};
/* End PBXGroup section */

/* Begin PBXNativeTarget section */
		A53B516B2137ECF100DE670E /* SmartContact */ = {
			isa = PBXNativeTarget;
			buildConfigurationList = A53B518B2137ECF500DE670E /* Build configuration list for PBXNativeTarget "SmartContact" */;
			buildPhases = (
				A53B51682137ECF100DE670E /* Sources */,
				A53B51692137ECF100DE670E /* Frameworks */,
				A53B516A2137ECF100DE670E /* Resources */,
				6A1D7EC22139172E00C76FDD /* Copy carthage framework */,
				6A8EC0EF213942B200C08E23 /* Embed Frameworks */,
			);
			buildRules = (
			);
			dependencies = (
			);
			name = SmartContact;
			productName = SmartContact;
			productReference = A53B516C2137ECF100DE670E /* SmartContact.app */;
			productType = "com.apple.product-type.application";
		};
		A53B51812137ECF500DE670E /* SmartContactUITests */ = {
			isa = PBXNativeTarget;
			buildConfigurationList = A53B518E2137ECF500DE670E /* Build configuration list for PBXNativeTarget "SmartContactUITests" */;
			buildPhases = (
				A53B517E2137ECF500DE670E /* Sources */,
				A53B517F2137ECF500DE670E /* Frameworks */,
				A53B51802137ECF500DE670E /* Resources */,
			);
			buildRules = (
			);
			dependencies = (
				A53B51842137ECF500DE670E /* PBXTargetDependency */,
			);
			name = SmartContactUITests;
			productName = SmartContactUITests;
			productReference = A53B51822137ECF500DE670E /* SmartContactUITests.xctest */;
			productType = "com.apple.product-type.bundle.ui-testing";
		};
/* End PBXNativeTarget section */

/* Begin PBXProject section */
		A53B51642137ECF100DE670E /* Project object */ = {
			isa = PBXProject;
			attributes = {
				LastSwiftUpdateCheck = 0940;
				LastUpgradeCheck = 0940;
				ORGANIZATIONNAME = "Thanh Tran Van";
				TargetAttributes = {
					A53B516B2137ECF100DE670E = {
						CreatedOnToolsVersion = 9.4.1;
						LastSwiftMigration = 0940;
					};
					A53B51812137ECF500DE670E = {
						CreatedOnToolsVersion = 9.4.1;
						TestTargetID = A53B516B2137ECF100DE670E;
					};
				};
			};
			buildConfigurationList = A53B51672137ECF100DE670E /* Build configuration list for PBXProject "SmartContact" */;
			compatibilityVersion = "Xcode 9.3";
			developmentRegion = en;
			hasScannedForEncodings = 0;
			knownRegions = (
				en,
				Base,
				de,
				"zh-Hans",
				ja,
				es,
				it,
				ru,
				fr,
			);
			mainGroup = A53B51632137ECF100DE670E;
			productRefGroup = A53B516D2137ECF100DE670E /* Products */;
			projectDirPath = "";
			projectRoot = "";
			targets = (
				A53B516B2137ECF100DE670E /* SmartContact */,
				A53B51812137ECF500DE670E /* SmartContactUITests */,
			);
		};
/* End PBXProject section */

/* Begin PBXResourcesBuildPhase section */
		A53B516A2137ECF100DE670E /* Resources */ = {
			isa = PBXResourcesBuildPhase;
			buildActionMask = 2147483647;
			files = (
				A53B517C2137ECF500DE670E /* LaunchScreen.storyboard in Resources */,
				A53B51792137ECF500DE670E /* Assets.xcassets in Resources */,
				6A1D7ED421391BC000C76FDD /* Cartfile in Resources */,
				A5F45E5D213FC33F000FEDC0 /* SampleView.xib in Resources */,
				6A1D7ED521391BC000C76FDD /* Cartfile.resolved in Resources */,
				A50163B2214207A0007C9AC7 /* GroupHeaderView.xib in Resources */,
				A53B51772137ECF100DE670E /* Main.storyboard in Resources */,
				A50163B3214207A0007C9AC7 /* NoContactCell.xib in Resources */,
				A5F45E31213E5A5F000FEDC0 /* JFContactCell.xib in Resources */,
			);
			runOnlyForDeploymentPostprocessing = 0;
		};
		A53B51802137ECF500DE670E /* Resources */ = {
			isa = PBXResourcesBuildPhase;
			buildActionMask = 2147483647;
			files = (
			);
			runOnlyForDeploymentPostprocessing = 0;
		};
/* End PBXResourcesBuildPhase section */

/* Begin PBXShellScriptBuildPhase section */
		6A1D7EC22139172E00C76FDD /* Copy carthage framework */ = {
			isa = PBXShellScriptBuildPhase;
			buildActionMask = 2147483647;
			files = (
			);
			inputPaths = (
				"$(SRCROOT)/Carthage/Build/iOS/SunflowerSDK.framework",
				"$(SRCROOT)/Carthage/Build/iOS/SwipeCellKit.framework",
				"$(SRCROOT)/Carthage/Build/iOS/SwiftyContacts.framework",
				"$(SRCROOT)/Carthage/Build/iOS/CustomizableActionSheet.framework",
			);
			name = "Copy carthage framework";
			outputPaths = (
			);
			runOnlyForDeploymentPostprocessing = 0;
			shellPath = /bin/sh;
			shellScript = "/usr/local/bin/carthage copy-frameworks";
		};
/* End PBXShellScriptBuildPhase section */

/* Begin PBXSourcesBuildPhase section */
		A53B51682137ECF100DE670E /* Sources */ = {
			isa = PBXSourcesBuildPhase;
			buildActionMask = 2147483647;
			files = (
				A507A57F2140B147001D0D59 /* UIImageView+Extensions.swift in Sources */,
				A507A58B2140B532001D0D59 /* String+Extensions.swift in Sources */,
				6A29BB36213EBC02006CAC91 /* FavoriteViewController.swift in Sources */,
				A5F45E61213FC658000FEDC0 /* UIColor.swift in Sources */,
				A5F45E2C213E5A3E000FEDC0 /* ContactCell.swift in Sources */,
				A5F45E2D213E5A3E000FEDC0 /* Constants.swift in Sources */,
				A5F45E68213FC937000FEDC0 /* BaseViewController.swift in Sources */,
				A53B51932137F39200DE670E /* DetailContactVC.swift in Sources */,
				A507A5812140B16A001D0D59 /* ContactModel.swift in Sources */,
				A53B51982137F3EE00DE670E /* StretchHeaderOptions.swift in Sources */,
				6A29BB33213EBA8A006CAC91 /* SmartContact.xcdatamodeld in Sources */,
				A5F45E3F213FB7C6000FEDC0 /* UserDefaults.swift in Sources */,
				A53B51972137F3EE00DE670E /* StretchHeader.swift in Sources */,
				A5F45E2B213E5A3E000FEDC0 /* MainContact.swift in Sources */,
				A507A5852140B20D001D0D59 /* UIViewController.swift in Sources */,
				A53B51742137ECF100DE670E /* SecondViewController.swift in Sources */,
				A50163B1214207A0007C9AC7 /* GroupHeaderView.swift in Sources */,
				A507A57E2140B147001D0D59 /* Common+Extensions.swift in Sources */,
				A50163B0214207A0007C9AC7 /* NoContactCell.swift in Sources */,
				6A8EC11921398FF000C08E23 /* ContactEntry.swift in Sources */,
				A5F45E2E213E5A3E000FEDC0 /* Contact.swift in Sources */,
				A50163C02146575C007C9AC7 /* GroupHelper.swift in Sources */,
				A5F45E2F213E5A3E000FEDC0 /* Extensions.swift in Sources */,
				A507A5792140B055001D0D59 /* Contacts.swift in Sources */,
				A507A5872140B26E001D0D59 /* UIView+Extensions.swift in Sources */,
				A5F45E63213FC728000FEDC0 /* NotificationCenter.swift in Sources */,
				A5F45E36213E8E46000FEDC0 /* SwipeHelper.swift in Sources */,
				6A29BB38213EC3ED006CAC91 /* FavoriteHelper.swift in Sources */,
				A53B51702137ECF100DE670E /* AppDelegate.swift in Sources */,
				A5F45E65213FC7F9000FEDC0 /* UINavigationController.swift in Sources */,
				A5F45E5C213FC33F000FEDC0 /* SampleView.swift in Sources */,
				6A29BB30213EB34A006CAC91 /* GroupContactViewController.swift in Sources */,
				A507A5832140B1C5001D0D59 /* UIAlertController+Extensions.swift in Sources */,
				A5F45E42213FBAFF000FEDC0 /* SettingsViewController.swift in Sources */,
				A507A5892140B427001D0D59 /* ContactPickerCell.swift in Sources */,
				A507A5782140B055001D0D59 /* ContactsPickerViewController.swift in Sources */,
			);
			runOnlyForDeploymentPostprocessing = 0;
		};
		A53B517E2137ECF500DE670E /* Sources */ = {
			isa = PBXSourcesBuildPhase;
			buildActionMask = 2147483647;
			files = (
				A53B51872137ECF500DE670E /* SmartContactUITests.swift in Sources */,
			);
			runOnlyForDeploymentPostprocessing = 0;
		};
/* End PBXSourcesBuildPhase section */

/* Begin PBXTargetDependency section */
		A53B51842137ECF500DE670E /* PBXTargetDependency */ = {
			isa = PBXTargetDependency;
			target = A53B516B2137ECF100DE670E /* SmartContact */;
			targetProxy = A53B51832137ECF500DE670E /* PBXContainerItemProxy */;
		};
/* End PBXTargetDependency section */

/* Begin PBXVariantGroup section */
		A53B51752137ECF100DE670E /* Main.storyboard */ = {
			isa = PBXVariantGroup;
			children = (
				A53B51762137ECF100DE670E /* Base */,
			);
			name = Main.storyboard;
			sourceTree = "<group>";
		};
		A53B517A2137ECF500DE670E /* LaunchScreen.storyboard */ = {
			isa = PBXVariantGroup;
			children = (
				A53B517B2137ECF500DE670E /* Base */,
			);
			name = LaunchScreen.storyboard;
			sourceTree = "<group>";
		};
/* End PBXVariantGroup section */

/* Begin XCBuildConfiguration section */
		A53B51892137ECF500DE670E /* Debug */ = {
			isa = XCBuildConfiguration;
			buildSettings = {
				ALWAYS_SEARCH_USER_PATHS = NO;
				CLANG_ANALYZER_NONNULL = YES;
				CLANG_ANALYZER_NUMBER_OBJECT_CONVERSION = YES_AGGRESSIVE;
				CLANG_CXX_LANGUAGE_STANDARD = "gnu++14";
				CLANG_CXX_LIBRARY = "libc++";
				CLANG_ENABLE_MODULES = YES;
				CLANG_ENABLE_OBJC_ARC = YES;
				CLANG_ENABLE_OBJC_WEAK = YES;
				CLANG_WARN_BLOCK_CAPTURE_AUTORELEASING = YES;
				CLANG_WARN_BOOL_CONVERSION = YES;
				CLANG_WARN_COMMA = YES;
				CLANG_WARN_CONSTANT_CONVERSION = YES;
				CLANG_WARN_DEPRECATED_OBJC_IMPLEMENTATIONS = YES;
				CLANG_WARN_DIRECT_OBJC_ISA_USAGE = YES_ERROR;
				CLANG_WARN_DOCUMENTATION_COMMENTS = YES;
				CLANG_WARN_EMPTY_BODY = YES;
				CLANG_WARN_ENUM_CONVERSION = YES;
				CLANG_WARN_INFINITE_RECURSION = YES;
				CLANG_WARN_INT_CONVERSION = YES;
				CLANG_WARN_NON_LITERAL_NULL_CONVERSION = YES;
				CLANG_WARN_OBJC_IMPLICIT_RETAIN_SELF = YES;
				CLANG_WARN_OBJC_LITERAL_CONVERSION = YES;
				CLANG_WARN_OBJC_ROOT_CLASS = YES_ERROR;
				CLANG_WARN_RANGE_LOOP_ANALYSIS = YES;
				CLANG_WARN_STRICT_PROTOTYPES = YES;
				CLANG_WARN_SUSPICIOUS_MOVE = YES;
				CLANG_WARN_UNGUARDED_AVAILABILITY = YES_AGGRESSIVE;
				CLANG_WARN_UNREACHABLE_CODE = YES;
				CLANG_WARN__DUPLICATE_METHOD_MATCH = YES;
				CODE_SIGN_IDENTITY = "iPhone Developer";
				COPY_PHASE_STRIP = NO;
				DEBUG_INFORMATION_FORMAT = dwarf;
				ENABLE_STRICT_OBJC_MSGSEND = YES;
				ENABLE_TESTABILITY = YES;
				GCC_C_LANGUAGE_STANDARD = gnu11;
				GCC_DYNAMIC_NO_PIC = NO;
				GCC_NO_COMMON_BLOCKS = YES;
				GCC_OPTIMIZATION_LEVEL = 0;
				GCC_PREPROCESSOR_DEFINITIONS = (
					"DEBUG=1",
					"$(inherited)",
				);
				GCC_WARN_64_TO_32_BIT_CONVERSION = YES;
				GCC_WARN_ABOUT_RETURN_TYPE = YES_ERROR;
				GCC_WARN_UNDECLARED_SELECTOR = YES;
				GCC_WARN_UNINITIALIZED_AUTOS = YES_AGGRESSIVE;
				GCC_WARN_UNUSED_FUNCTION = YES;
				GCC_WARN_UNUSED_VARIABLE = YES;
				IPHONEOS_DEPLOYMENT_TARGET = 11.4;
				MTL_ENABLE_DEBUG_INFO = YES;
				ONLY_ACTIVE_ARCH = YES;
				SDKROOT = iphoneos;
				SWIFT_ACTIVE_COMPILATION_CONDITIONS = DEBUG;
				SWIFT_OPTIMIZATION_LEVEL = "-Onone";
			};
			name = Debug;
		};
		A53B518A2137ECF500DE670E /* Release */ = {
			isa = XCBuildConfiguration;
			buildSettings = {
				ALWAYS_SEARCH_USER_PATHS = NO;
				CLANG_ANALYZER_NONNULL = YES;
				CLANG_ANALYZER_NUMBER_OBJECT_CONVERSION = YES_AGGRESSIVE;
				CLANG_CXX_LANGUAGE_STANDARD = "gnu++14";
				CLANG_CXX_LIBRARY = "libc++";
				CLANG_ENABLE_MODULES = YES;
				CLANG_ENABLE_OBJC_ARC = YES;
				CLANG_ENABLE_OBJC_WEAK = YES;
				CLANG_WARN_BLOCK_CAPTURE_AUTORELEASING = YES;
				CLANG_WARN_BOOL_CONVERSION = YES;
				CLANG_WARN_COMMA = YES;
				CLANG_WARN_CONSTANT_CONVERSION = YES;
				CLANG_WARN_DEPRECATED_OBJC_IMPLEMENTATIONS = YES;
				CLANG_WARN_DIRECT_OBJC_ISA_USAGE = YES_ERROR;
				CLANG_WARN_DOCUMENTATION_COMMENTS = YES;
				CLANG_WARN_EMPTY_BODY = YES;
				CLANG_WARN_ENUM_CONVERSION = YES;
				CLANG_WARN_INFINITE_RECURSION = YES;
				CLANG_WARN_INT_CONVERSION = YES;
				CLANG_WARN_NON_LITERAL_NULL_CONVERSION = YES;
				CLANG_WARN_OBJC_IMPLICIT_RETAIN_SELF = YES;
				CLANG_WARN_OBJC_LITERAL_CONVERSION = YES;
				CLANG_WARN_OBJC_ROOT_CLASS = YES_ERROR;
				CLANG_WARN_RANGE_LOOP_ANALYSIS = YES;
				CLANG_WARN_STRICT_PROTOTYPES = YES;
				CLANG_WARN_SUSPICIOUS_MOVE = YES;
				CLANG_WARN_UNGUARDED_AVAILABILITY = YES_AGGRESSIVE;
				CLANG_WARN_UNREACHABLE_CODE = YES;
				CLANG_WARN__DUPLICATE_METHOD_MATCH = YES;
				CODE_SIGN_IDENTITY = "iPhone Developer";
				COPY_PHASE_STRIP = NO;
				DEBUG_INFORMATION_FORMAT = "dwarf-with-dsym";
				ENABLE_NS_ASSERTIONS = NO;
				ENABLE_STRICT_OBJC_MSGSEND = YES;
				GCC_C_LANGUAGE_STANDARD = gnu11;
				GCC_NO_COMMON_BLOCKS = YES;
				GCC_WARN_64_TO_32_BIT_CONVERSION = YES;
				GCC_WARN_ABOUT_RETURN_TYPE = YES_ERROR;
				GCC_WARN_UNDECLARED_SELECTOR = YES;
				GCC_WARN_UNINITIALIZED_AUTOS = YES_AGGRESSIVE;
				GCC_WARN_UNUSED_FUNCTION = YES;
				GCC_WARN_UNUSED_VARIABLE = YES;
				IPHONEOS_DEPLOYMENT_TARGET = 11.4;
				MTL_ENABLE_DEBUG_INFO = NO;
				SDKROOT = iphoneos;
				SWIFT_COMPILATION_MODE = wholemodule;
				SWIFT_OPTIMIZATION_LEVEL = "-O";
				VALIDATE_PRODUCT = YES;
			};
			name = Release;
		};
		A53B518C2137ECF500DE670E /* Debug */ = {
			isa = XCBuildConfiguration;
			buildSettings = {
				ASSETCATALOG_COMPILER_APPICON_NAME = AppIcon;
				CLANG_ENABLE_MODULES = YES;
				CODE_SIGN_STYLE = Automatic;
				DEVELOPMENT_TEAM = MR5T4DEYMH;
				ENABLE_BITCODE = NO;
				FRAMEWORK_SEARCH_PATHS = (
					"$(SRCROOT)/Carthage/Build/iOS",
					"$(PROJECT_DIR)/Carthage/Build/iOS",
				);
				INFOPLIST_FILE = SmartContact/Info.plist;
				IPHONEOS_DEPLOYMENT_TARGET = 10.0;
				LD_RUNPATH_SEARCH_PATHS = (
					"$(inherited)",
					"@executable_path/Frameworks",
				);
				PRODUCT_BUNDLE_IDENTIFIER = com.sunflower.SmartContact;
				PRODUCT_NAME = "$(TARGET_NAME)";
				SWIFT_OBJC_BRIDGING_HEADER = "SmartContact/SmartContact-Bridging-Header.h";
				SWIFT_OPTIMIZATION_LEVEL = "-Onone";
				SWIFT_VERSION = 4.0;
				TARGETED_DEVICE_FAMILY = "1,2";
			};
			name = Debug;
		};
		A53B518D2137ECF500DE670E /* Release */ = {
			isa = XCBuildConfiguration;
			buildSettings = {
				ASSETCATALOG_COMPILER_APPICON_NAME = AppIcon;
				CLANG_ENABLE_MODULES = YES;
				CODE_SIGN_STYLE = Automatic;
				DEVELOPMENT_TEAM = MR5T4DEYMH;
				ENABLE_BITCODE = NO;
				FRAMEWORK_SEARCH_PATHS = (
					"$(SRCROOT)/Carthage/Build/iOS",
					"$(PROJECT_DIR)/Carthage/Build/iOS",
				);
				INFOPLIST_FILE = SmartContact/Info.plist;
				IPHONEOS_DEPLOYMENT_TARGET = 10.0;
				LD_RUNPATH_SEARCH_PATHS = (
					"$(inherited)",
					"@executable_path/Frameworks",
				);
				PRODUCT_BUNDLE_IDENTIFIER = com.sunflower.SmartContact;
				PRODUCT_NAME = "$(TARGET_NAME)";
				SWIFT_OBJC_BRIDGING_HEADER = "SmartContact/SmartContact-Bridging-Header.h";
				SWIFT_VERSION = 4.0;
				TARGETED_DEVICE_FAMILY = "1,2";
			};
			name = Release;
		};
		A53B518F2137ECF500DE670E /* Debug */ = {
			isa = XCBuildConfiguration;
			buildSettings = {
				ALWAYS_EMBED_SWIFT_STANDARD_LIBRARIES = YES;
				CODE_SIGN_STYLE = Automatic;
				INFOPLIST_FILE = SmartContactUITests/Info.plist;
				LD_RUNPATH_SEARCH_PATHS = (
					"$(inherited)",
					"@executable_path/Frameworks",
					"@loader_path/Frameworks",
				);
				PRODUCT_BUNDLE_IDENTIFIER = com.sunflower.SmartContactUITests;
				PRODUCT_NAME = "$(TARGET_NAME)";
				SWIFT_VERSION = 4.0;
				TARGETED_DEVICE_FAMILY = "1,2";
				TEST_TARGET_NAME = SmartContact;
			};
			name = Debug;
		};
		A53B51902137ECF500DE670E /* Release */ = {
			isa = XCBuildConfiguration;
			buildSettings = {
				ALWAYS_EMBED_SWIFT_STANDARD_LIBRARIES = YES;
				CODE_SIGN_STYLE = Automatic;
				INFOPLIST_FILE = SmartContactUITests/Info.plist;
				LD_RUNPATH_SEARCH_PATHS = (
					"$(inherited)",
					"@executable_path/Frameworks",
					"@loader_path/Frameworks",
				);
				PRODUCT_BUNDLE_IDENTIFIER = com.sunflower.SmartContactUITests;
				PRODUCT_NAME = "$(TARGET_NAME)";
				SWIFT_VERSION = 4.0;
				TARGETED_DEVICE_FAMILY = "1,2";
				TEST_TARGET_NAME = SmartContact;
			};
			name = Release;
		};
/* End XCBuildConfiguration section */

/* Begin XCConfigurationList section */
		A53B51672137ECF100DE670E /* Build configuration list for PBXProject "SmartContact" */ = {
			isa = XCConfigurationList;
			buildConfigurations = (
				A53B51892137ECF500DE670E /* Debug */,
				A53B518A2137ECF500DE670E /* Release */,
			);
			defaultConfigurationIsVisible = 0;
			defaultConfigurationName = Release;
		};
		A53B518B2137ECF500DE670E /* Build configuration list for PBXNativeTarget "SmartContact" */ = {
			isa = XCConfigurationList;
			buildConfigurations = (
				A53B518C2137ECF500DE670E /* Debug */,
				A53B518D2137ECF500DE670E /* Release */,
			);
			defaultConfigurationIsVisible = 0;
			defaultConfigurationName = Release;
		};
		A53B518E2137ECF500DE670E /* Build configuration list for PBXNativeTarget "SmartContactUITests" */ = {
			isa = XCConfigurationList;
			buildConfigurations = (
				A53B518F2137ECF500DE670E /* Debug */,
				A53B51902137ECF500DE670E /* Release */,
			);
			defaultConfigurationIsVisible = 0;
			defaultConfigurationName = Release;
		};
/* End XCConfigurationList section */

/* Begin XCVersionGroup section */
		6A29BB31213EBA8A006CAC91 /* SmartContact.xcdatamodeld */ = {
			isa = XCVersionGroup;
			children = (
				6A29BB32213EBA8A006CAC91 /* SmartContact.xcdatamodel */,
			);
			currentVersion = 6A29BB32213EBA8A006CAC91 /* SmartContact.xcdatamodel */;
			path = SmartContact.xcdatamodeld;
			sourceTree = "<group>";
			versionGroupType = wrapper.xcdatamodel;
		};
/* End XCVersionGroup section */
	};
	rootObject = A53B51642137ECF100DE670E /* Project object */;
}
